// !$*UTF8*$!
{
	archiveVersion = 1;
	classes = {
	};
	objectVersion = 55;
	objects = {

/* Begin PBXBuildFile section */
		0035D4EB1AB33BA0FC306E94 /* SmartFallbackIntegrationTests.swift in Sources */ = {isa = PBXBuildFile; fileRef = 8F9CABCD3FA9C038CA638416 /* SmartFallbackIntegrationTests.swift */; };
		04E6D0C35888E40B8B8950E2 /* ContentView.swift in Sources */ = {isa = PBXBuildFile; fileRef = 13D0C4FD28B1C5684580B538 /* ContentView.swift */; };
		05C85E67D84A0374687F911F /* SystemHealthTool.swift in Sources */ = {isa = PBXBuildFile; fileRef = 1C6C5206113A001349E763BA /* SystemHealthTool.swift */; };
		06F2BB1016F881C99E3D7E37 /* ModelStripView.swift in Sources */ = {isa = PBXBuildFile; fileRef = 1A038D32B025F30D09844F2B /* ModelStripView.swift */; };
		09F193162F5F4040DE47CDAE /* GalleryModelDiscoveryTests.swift in Sources */ = {isa = PBXBuildFile; fileRef = B697A87FF490C2F2EC5A37C3 /* GalleryModelDiscoveryTests.swift */; };
		0D9F91D95E2F8F480C99A112 /* DateTimeTool.swift in Sources */ = {isa = PBXBuildFile; fileRef = C9856A5B5A6639A4D74C27B4 /* DateTimeTool.swift */; };
		12478A231B7FDC5148642A1D /* DeviceInfoTool.swift in Sources */ = {isa = PBXBuildFile; fileRef = 9D97ECC8C74B25BF8F12EB38 /* DeviceInfoTool.swift */; };
		1281A71886F568B3F41A5EC9 /* MCPServerConfig.swift in Sources */ = {isa = PBXBuildFile; fileRef = 368D4D1A93F94E579C63921F /* MCPServerConfig.swift */; };
		144353F9E92EBFACD824A390 /* ChatMessage.swift in Sources */ = {isa = PBXBuildFile; fileRef = BF6B7344DEF4E6A04EDB40A7 /* ChatMessage.swift */; };
		15415290F280DDE99F2BD1F7 /* ChatMessageTests.swift in Sources */ = {isa = PBXBuildFile; fileRef = 2A07BFD8311916D77A1886BD /* ChatMessageTests.swift */; };
		16E6F429E4F2B0F8245E16B7 /* ModelMetadata.swift in Sources */ = {isa = PBXBuildFile; fileRef = F2AB82E3FFA569D37333349A /* ModelMetadata.swift */; };
		17A5DE7D4A3DCC634B6E7C9A /* ThinkingParserTests.swift in Sources */ = {isa = PBXBuildFile; fileRef = C937B553045886C9B41B318F /* ThinkingParserTests.swift */; };
		1A7667361C76C50D613F15F0 /* CalculatorTool.swift in Sources */ = {isa = PBXBuildFile; fileRef = B9B122A57D087E160F46832F /* CalculatorTool.swift */; };
		1CBCA95E721553C1B3A69A89 /* DesignSystem.swift in Sources */ = {isa = PBXBuildFile; fileRef = 520C147DC6D1A7800A39BF16 /* DesignSystem.swift */; };
		1F33CEFF233BF5212909F5E2 /* ContentView.swift in Sources */ = {isa = PBXBuildFile; fileRef = 13D0C4FD28B1C5684580B538 /* ContentView.swift */; };
		1F755C21ED6F8EFF6BE7F075 /* GalleryModelDiscovery.swift in Sources */ = {isa = PBXBuildFile; fileRef = FA84FE573AF07CAEBA7001E0 /* GalleryModelDiscovery.swift */; };
		1FFF287912AAD5F11D804D63 /* ModelShowcaseView.swift in Sources */ = {isa = PBXBuildFile; fileRef = 7BB9615574BE631BD3FCDC8A /* ModelShowcaseView.swift */; };
		23937C4939C27A554E136508 /* MCPServerConfig.swift in Sources */ = {isa = PBXBuildFile; fileRef = 368D4D1A93F94E579C63921F /* MCPServerConfig.swift */; };
		24741C76CBEC6BBD542FA94B /* ModelDownloadManager.swift in Sources */ = {isa = PBXBuildFile; fileRef = 3FED0BFB3C2861062939AA2D /* ModelDownloadManager.swift */; };
		248E8A754C624476E7D7F005 /* ThinkingParser.swift in Sources */ = {isa = PBXBuildFile; fileRef = 0B2D62FDA086639DD91E9FF2 /* ThinkingParser.swift */; };
		296ED2AE51BED384E671D97B /* GemmaEdgeGalleryApp.swift in Sources */ = {isa = PBXBuildFile; fileRef = 9EE8CE0F4425F7D213C73029 /* GemmaEdgeGalleryApp.swift */; };
		2D5384E392EA3AAF0E689CAA /* ModelDownloadManager.swift in Sources */ = {isa = PBXBuildFile; fileRef = 3FED0BFB3C2861062939AA2D /* ModelDownloadManager.swift */; };
		2E12A7702CBEBE366AA657CB /* MultiTurnIntegrationTests.swift in Sources */ = {isa = PBXBuildFile; fileRef = 4521940763023790A16F4A40 /* MultiTurnIntegrationTests.swift */; };
		303CCD058771CB1A9B8FEF79 /* ConversationViewModelSamplerTests.swift in Sources */ = {isa = PBXBuildFile; fileRef = D8CBF76DA632A6C4889A50FF /* ConversationViewModelSamplerTests.swift */; };
		33E92948C1EA2F28F9C3485C /* PerformanceTests.swift in Sources */ = {isa = PBXBuildFile; fileRef = 4CB89E025EF634307BF8E657 /* PerformanceTests.swift */; };
		365F47BC2074B7EA1BD49B28 /* ModelRegistryTests.swift in Sources */ = {isa = PBXBuildFile; fileRef = A703867B7605AF5510E1788C /* ModelRegistryTests.swift */; };
		388DA7436B5E8EDACE6250EF /* PerformanceDashboardView.swift in Sources */ = {isa = PBXBuildFile; fileRef = 7C4E8C142033C23D32C0C55F /* PerformanceDashboardView.swift */; };
		3C40B743C7A240B70F52A7FD /* MockInstrumentedEngine.swift in Sources */ = {isa = PBXBuildFile; fileRef = 7AEBED21DAE3EE0498E560C9 /* MockInstrumentedEngine.swift */; };
		3FA20F04DC19927C821D7637 /* MCPClient.swift in Sources */ = {isa = PBXBuildFile; fileRef = D25B958C42B26FCBEAA6CEE2 /* MCPClient.swift */; };
		41F98F2F3E0C8C3EB3A784DD /* CalculatorTool.swift in Sources */ = {isa = PBXBuildFile; fileRef = B9B122A57D087E160F46832F /* CalculatorTool.swift */; };
		47738D8189EE5B6E2A1D0098 /* SmartFallbackIntegrationTests.swift in Sources */ = {isa = PBXBuildFile; fileRef = 8F9CABCD3FA9C038CA638416 /* SmartFallbackIntegrationTests.swift */; };
		47BEA2756BDFCF737727C93C /* MarkdownUI in Frameworks */ = {isa = PBXBuildFile; productRef = 64576C59D7EDF478ADD83AA4 /* MarkdownUI */; };
		4C1797AFB9471EAD954F1567 /* InstrumentedEngine.swift in Sources */ = {isa = PBXBuildFile; fileRef = 3A6952595C8EE37A4ABFCEB6 /* InstrumentedEngine.swift */; };
		4C85C930556BD4A818FF135F /* ToolCallingTests.swift in Sources */ = {isa = PBXBuildFile; fileRef = D86268109F0A87B49C60D371 /* ToolCallingTests.swift */; };
		4E74C4180C226A2BB5187C8D /* DesignSystem.swift in Sources */ = {isa = PBXBuildFile; fileRef = 520C147DC6D1A7800A39BF16 /* DesignSystem.swift */; };
		512496A9C7B5DCCF85D92184 /* ConversationViewModel+MCP.swift in Sources */ = {isa = PBXBuildFile; fileRef = 044FF4D5C838BD6A0D047F2D /* ConversationViewModel+MCP.swift */; };
		5192B4B905FA400B17B5B078 /* ToolCallingTests.swift in Sources */ = {isa = PBXBuildFile; fileRef = D86268109F0A87B49C60D371 /* ToolCallingTests.swift */; };
		52A6645499448C9816C22A12 /* MultiTurnIntegrationTests.swift in Sources */ = {isa = PBXBuildFile; fileRef = 4521940763023790A16F4A40 /* MultiTurnIntegrationTests.swift */; };
		5301FFDBE78A528327DEDCFC /* DeviceMetrics.swift in Sources */ = {isa = PBXBuildFile; fileRef = EEE3E69496F04B94722FC934 /* DeviceMetrics.swift */; };
		5353E59F431016CFA8F4DB5E /* ConversationAreaView.swift in Sources */ = {isa = PBXBuildFile; fileRef = 4BD3563A45836DCD8BCB1AB2 /* ConversationAreaView.swift */; };
		54F1E2D6B2BB2A1E91989B0E /* LiteRTLM in Frameworks */ = {isa = PBXBuildFile; productRef = D332ED50D341ACB4502D2B34 /* LiteRTLM */; };
		556E8D9441253C2C9F8861E0 /* ToolCallingIntegrationTests.swift in Sources */ = {isa = PBXBuildFile; fileRef = 6465E7BE47285F1F73CB51FF /* ToolCallingIntegrationTests.swift */; };
		582B5E76E04FC24AE9A9587D /* ConversationViewModel.swift in Sources */ = {isa = PBXBuildFile; fileRef = 652FB6F2E8DA92552A96CA56 /* ConversationViewModel.swift */; };
		58349F84F4724595E31B63B3 /* ChatMessage.swift in Sources */ = {isa = PBXBuildFile; fileRef = BF6B7344DEF4E6A04EDB40A7 /* ChatMessage.swift */; };
		59DD342F5FF372DA090F1B2C /* PerformanceTests.swift in Sources */ = {isa = PBXBuildFile; fileRef = 4CB89E025EF634307BF8E657 /* PerformanceTests.swift */; };
		5F196052EC0C41656F9D80B7 /* ThinkingParserTests.swift in Sources */ = {isa = PBXBuildFile; fileRef = C937B553045886C9B41B318F /* ThinkingParserTests.swift */; };
		62E5B1C0597137DB0564DB6B /* DateTimeTool.swift in Sources */ = {isa = PBXBuildFile; fileRef = C9856A5B5A6639A4D74C27B4 /* DateTimeTool.swift */; };
		640C82D59480E43F21344C1E /* ModelStripView.swift in Sources */ = {isa = PBXBuildFile; fileRef = 1A038D32B025F30D09844F2B /* ModelStripView.swift */; };
		65EECA3A259232663FC394A5 /* GemmaEdgeGalleryTests.swift in Sources */ = {isa = PBXBuildFile; fileRef = 0A9E3507B6A2D075B3711A87 /* GemmaEdgeGalleryTests.swift */; };
		6D6FC3E6C483338E1A128FEF /* ConversationViewModel+MCP.swift in Sources */ = {isa = PBXBuildFile; fileRef = 044FF4D5C838BD6A0D047F2D /* ConversationViewModel+MCP.swift */; };
		708280C60C8C69C88CF926E7 /* ModelRegistryTests.swift in Sources */ = {isa = PBXBuildFile; fileRef = A703867B7605AF5510E1788C /* ModelRegistryTests.swift */; };
		736F537BC61ABBAFE0A51564 /* DynamicMCPBridge.swift in Sources */ = {isa = PBXBuildFile; fileRef = 188FB0BAA0B3BDB48D178183 /* DynamicMCPBridge.swift */; };
		786FD6C64B9ADB5BCFC04087 /* ModelShowcaseView.swift in Sources */ = {isa = PBXBuildFile; fileRef = 7BB9615574BE631BD3FCDC8A /* ModelShowcaseView.swift */; };
		802DFE201C40C00EAF228577 /* BenchmarkBarView.swift in Sources */ = {isa = PBXBuildFile; fileRef = 85657D1C28168F5AF22962E0 /* BenchmarkBarView.swift */; };
		81CCDE802CCE22F487CA83BA /* ModelMetadata.swift in Sources */ = {isa = PBXBuildFile; fileRef = F2AB82E3FFA569D37333349A /* ModelMetadata.swift */; };
		8B4467C12519304DF5679A96 /* ToolCallingIntegrationTests.swift in Sources */ = {isa = PBXBuildFile; fileRef = 6465E7BE47285F1F73CB51FF /* ToolCallingIntegrationTests.swift */; };
		8DEBB76B051567F96FE30E6F /* InstrumentedEngine.swift in Sources */ = {isa = PBXBuildFile; fileRef = 3A6952595C8EE37A4ABFCEB6 /* InstrumentedEngine.swift */; };
		8E97A0B58E38E92DD9B90991 /* BenchmarkBarView.swift in Sources */ = {isa = PBXBuildFile; fileRef = 85657D1C28168F5AF22962E0 /* BenchmarkBarView.swift */; };
		94C72AFD50E63523F5657D58 /* DynamicMCPBridge.swift in Sources */ = {isa = PBXBuildFile; fileRef = 188FB0BAA0B3BDB48D178183 /* DynamicMCPBridge.swift */; };
		976192E6CF83CE5E5F9F8C3C /* GalleryParityBenchmarkTests.swift in Sources */ = {isa = PBXBuildFile; fileRef = 1674CCE6BB3A9703DD7FA26F /* GalleryParityBenchmarkTests.swift */; };
		9A5FC4FEDC36C8466B65E679 /* GemmaEdgeGalleryApp.swift in Sources */ = {isa = PBXBuildFile; fileRef = 9EE8CE0F4425F7D213C73029 /* GemmaEdgeGalleryApp.swift */; };
		9E19FE7E59424E90FCC7B65F /* InputAreaView.swift in Sources */ = {isa = PBXBuildFile; fileRef = 787C879B603FA5E9352619B5 /* InputAreaView.swift */; };
		9E458EB8D5870A7722E54153 /* SystemHealthTool.swift in Sources */ = {isa = PBXBuildFile; fileRef = 1C6C5206113A001349E763BA /* SystemHealthTool.swift */; };
		A07912E236A8E99E15DCBA7E /* ExperimentalFlagsState.swift in Sources */ = {isa = PBXBuildFile; fileRef = E0CA663D3184E2452006BB56 /* ExperimentalFlagsState.swift */; };
		A21FDB7B0BC017A37F86D3BF /* TextAnalyzerTool.swift in Sources */ = {isa = PBXBuildFile; fileRef = 04043E27DE72C26E9B6995FC /* TextAnalyzerTool.swift */; };
		A4E76488DED56AEC7DF7A4FD /* MCPClientTests.swift in Sources */ = {isa = PBXBuildFile; fileRef = 664977B07C3AC8E52E694B12 /* MCPClientTests.swift */; };
		A785BF9F5A8736A4E299036B /* MetricsStore.swift in Sources */ = {isa = PBXBuildFile; fileRef = B2F4722041316A41524429F7 /* MetricsStore.swift */; };
		A887646F3691C4570E287595 /* TextAnalyzerTool.swift in Sources */ = {isa = PBXBuildFile; fileRef = 04043E27DE72C26E9B6995FC /* TextAnalyzerTool.swift */; };
		AE653659D7016675C2F3E7D8 /* LiteRTLM in Frameworks */ = {isa = PBXBuildFile; productRef = 0D09CE265F87B6783759F567 /* LiteRTLM */; };
		AFA393B5117AAC2E50AAB4A8 /* DeviceMetrics.swift in Sources */ = {isa = PBXBuildFile; fileRef = EEE3E69496F04B94722FC934 /* DeviceMetrics.swift */; };
		B085C97CD31472C516A67D9C /* UnitConverterTool.swift in Sources */ = {isa = PBXBuildFile; fileRef = 4B594B972E5727356A35B5F1 /* UnitConverterTool.swift */; };
		B8C4191D5330F2ECD5B6B36F /* ToolRegistry.swift in Sources */ = {isa = PBXBuildFile; fileRef = F2C1E36001F9105A32C11B3E /* ToolRegistry.swift */; };
		BAE6757D7FC4B0F357C26E3A /* LiteRTLM in Frameworks */ = {isa = PBXBuildFile; productRef = F4C1BC3201B81CC807150405 /* LiteRTLM */; };
		BB241BD68E517DB06A206292 /* GemmaEdgeGalleryTests.swift in Sources */ = {isa = PBXBuildFile; fileRef = 0A9E3507B6A2D075B3711A87 /* GemmaEdgeGalleryTests.swift */; };
		BDA74E78DF7385DFC9AAC4FD /* MockInstrumentedEngine.swift in Sources */ = {isa = PBXBuildFile; fileRef = 7AEBED21DAE3EE0498E560C9 /* MockInstrumentedEngine.swift */; };
		BDCDDFDFEED4A9DE402FFA51 /* GalleryParityBenchmarkTests.swift in Sources */ = {isa = PBXBuildFile; fileRef = 1674CCE6BB3A9703DD7FA26F /* GalleryParityBenchmarkTests.swift */; };
		BEDD32D1CE7AB37FA3C04C53 /* HFTokenStorage.swift in Sources */ = {isa = PBXBuildFile; fileRef = 9CD3CF106E47C1A807B767C3 /* HFTokenStorage.swift */; };
		C0DB785372FAA350354E5D01 /* ConversationAreaView.swift in Sources */ = {isa = PBXBuildFile; fileRef = 4BD3563A45836DCD8BCB1AB2 /* ConversationAreaView.swift */; };
		C16812EA75D511E90C0EFAE3 /* DownloadManagerTests.swift in Sources */ = {isa = PBXBuildFile; fileRef = E689654EC6440F1BFC778A93 /* DownloadManagerTests.swift */; };
		C3CA804B5D2551A0DB8C0CB9 /* ChatMessageTests.swift in Sources */ = {isa = PBXBuildFile; fileRef = 2A07BFD8311916D77A1886BD /* ChatMessageTests.swift */; };
		C5247B666A887AB7504D7751 /* ChatBubbleView.swift in Sources */ = {isa = PBXBuildFile; fileRef = 71A93ABB8D2BF4C162F87A24 /* ChatBubbleView.swift */; };
		C57CF2D1F671D80C4C4DFDD4 /* DeveloperAutomationHarness.swift in Sources */ = {isa = PBXBuildFile; fileRef = 3EFE1A0FFDDC61DD0047E0D7 /* DeveloperAutomationHarness.swift */; };
		C837861CEB1C58123BF222F8 /* DeviceInfoTool.swift in Sources */ = {isa = PBXBuildFile; fileRef = 9D97ECC8C74B25BF8F12EB38 /* DeviceInfoTool.swift */; };
		CA625E420AB2AB3453D08F8C /* InputAreaView.swift in Sources */ = {isa = PBXBuildFile; fileRef = 787C879B603FA5E9352619B5 /* InputAreaView.swift */; };
		CA9421D9E2C874F478F4E119 /* HFTokenStorage.swift in Sources */ = {isa = PBXBuildFile; fileRef = 9CD3CF106E47C1A807B767C3 /* HFTokenStorage.swift */; };
		CD183A62E16FA4F8D901282A /* InferenceSettingsView.swift in Sources */ = {isa = PBXBuildFile; fileRef = A4DC3AFC821C3B195698581E /* InferenceSettingsView.swift */; };
		CE7BDA86C2E5D6E239D4CF1B /* GalleryModelDiscovery.swift in Sources */ = {isa = PBXBuildFile; fileRef = FA84FE573AF07CAEBA7001E0 /* GalleryModelDiscovery.swift */; };
		CFEF9E3FBF0135A7F403ED98 /* ThinkingParser.swift in Sources */ = {isa = PBXBuildFile; fileRef = 0B2D62FDA086639DD91E9FF2 /* ThinkingParser.swift */; };
		D07E9013BB245F5F28ABA9E6 /* StatusBarView.swift in Sources */ = {isa = PBXBuildFile; fileRef = 7810F3DEB9DCED91CACA8AD2 /* StatusBarView.swift */; };
		D0E9FC80AF3C8751A31D3799 /* MarkdownUI in Frameworks */ = {isa = PBXBuildFile; productRef = 20E48B42733B333D68FCB090 /* MarkdownUI */; };
		D1CFBF3BEA5610E6088D6367 /* ConversationViewModelSamplerTests.swift in Sources */ = {isa = PBXBuildFile; fileRef = D8CBF76DA632A6C4889A50FF /* ConversationViewModelSamplerTests.swift */; };
		D2A7E99EBA7042B0BE27C4E0 /* InferenceSettingsView.swift in Sources */ = {isa = PBXBuildFile; fileRef = A4DC3AFC821C3B195698581E /* InferenceSettingsView.swift */; };
		D4C8A80BA91AEA578E069055 /* ChatBubbleView.swift in Sources */ = {isa = PBXBuildFile; fileRef = 71A93ABB8D2BF4C162F87A24 /* ChatBubbleView.swift */; };
		D84FFBFE3FAD0A7E02016508 /* PerformanceDashboardView.swift in Sources */ = {isa = PBXBuildFile; fileRef = 7C4E8C142033C23D32C0C55F /* PerformanceDashboardView.swift */; };
		DD49441BD6F975D1DFF39CFE /* StatusBarView.swift in Sources */ = {isa = PBXBuildFile; fileRef = 7810F3DEB9DCED91CACA8AD2 /* StatusBarView.swift */; };
		E132E642E672D323833C2354 /* GemmaEdgeGalleryUITests.swift in Sources */ = {isa = PBXBuildFile; fileRef = D21AEED925185DB6B50375A8 /* GemmaEdgeGalleryUITests.swift */; };
		E13967229E8C46B00870CC5C /* ToolRegistry.swift in Sources */ = {isa = PBXBuildFile; fileRef = F2C1E36001F9105A32C11B3E /* ToolRegistry.swift */; };
		E27D8D78F97251BDEF63526F /* MCPClient.swift in Sources */ = {isa = PBXBuildFile; fileRef = D25B958C42B26FCBEAA6CEE2 /* MCPClient.swift */; };
		E4A360EB5B318D99C1F150FC /* ChatBubbleComponents.swift in Sources */ = {isa = PBXBuildFile; fileRef = A4FD3395347414F0006578C2 /* ChatBubbleComponents.swift */; };
		E5A70101159884BCF80E43DE /* ConversationViewModel.swift in Sources */ = {isa = PBXBuildFile; fileRef = 652FB6F2E8DA92552A96CA56 /* ConversationViewModel.swift */; };
		E8C8DD243D1264A9CB7317EA /* GalleryModelDiscoveryTests.swift in Sources */ = {isa = PBXBuildFile; fileRef = B697A87FF490C2F2EC5A37C3 /* GalleryModelDiscoveryTests.swift */; };
		E9607FA0D503675F31C4C845 /* MetricsStore.swift in Sources */ = {isa = PBXBuildFile; fileRef = B2F4722041316A41524429F7 /* MetricsStore.swift */; };
		E98AC5402A52BB43B328A0BB /* DeveloperAutomationHarness.swift in Sources */ = {isa = PBXBuildFile; fileRef = 3EFE1A0FFDDC61DD0047E0D7 /* DeveloperAutomationHarness.swift */; };
		ED43DA47FB13B2248A084E40 /* AgentSkills.swift in Sources */ = {isa = PBXBuildFile; fileRef = 9B0211C1E703BC5F6365AC9B /* AgentSkills.swift */; };
		F487E76ED76A54951C5FA627 /* AgentSkills.swift in Sources */ = {isa = PBXBuildFile; fileRef = 9B0211C1E703BC5F6365AC9B /* AgentSkills.swift */; };
		F6F164818D3FF5620D5F2E2D /* ExperimentalFlagsState.swift in Sources */ = {isa = PBXBuildFile; fileRef = E0CA663D3184E2452006BB56 /* ExperimentalFlagsState.swift */; };
		FB7CCA2343A397DE51BB8DBC /* DownloadManagerTests.swift in Sources */ = {isa = PBXBuildFile; fileRef = E689654EC6440F1BFC778A93 /* DownloadManagerTests.swift */; };
		FBD20360834B180332D1FDEB /* UnitConverterTool.swift in Sources */ = {isa = PBXBuildFile; fileRef = 4B594B972E5727356A35B5F1 /* UnitConverterTool.swift */; };
		FD21647D5D669A606FC8CB8E /* MCPClientTests.swift in Sources */ = {isa = PBXBuildFile; fileRef = 664977B07C3AC8E52E694B12 /* MCPClientTests.swift */; };
		FD6B58D6A109CE14964DA9A9 /* ChatBubbleComponents.swift in Sources */ = {isa = PBXBuildFile; fileRef = A4FD3395347414F0006578C2 /* ChatBubbleComponents.swift */; };
		FE7335DAAEA2BC65E318C910 /* main.swift in Sources */ = {isa = PBXBuildFile; fileRef = 18C038C9FDC9DF8905224D67 /* main.swift */; };
/* End PBXBuildFile section */

/* Begin PBXContainerItemProxy section */
		6C7C39D62C255CC0D8FD9135 /* PBXContainerItemProxy */ = {
			isa = PBXContainerItemProxy;
			containerPortal = 80318254F598D4CE6C7F92A2 /* Project object */;
			proxyType = 1;
			remoteGlobalIDString = 6084F29BAE6490F4E8D99FAF;
			remoteInfo = GemmaEdgeGallery_macOS;
		};
		BA62B6A4E9B50275A0EB3101 /* PBXContainerItemProxy */ = {
			isa = PBXContainerItemProxy;
			containerPortal = 80318254F598D4CE6C7F92A2 /* Project object */;
			proxyType = 1;
			remoteGlobalIDString = 6084F29BAE6490F4E8D99FAF;
			remoteInfo = GemmaEdgeGallery_macOS;
		};
		EFEFA3136ECE21E053871C28 /* PBXContainerItemProxy */ = {
			isa = PBXContainerItemProxy;
			containerPortal = 80318254F598D4CE6C7F92A2 /* Project object */;
			proxyType = 1;
			remoteGlobalIDString = 9474122D42B4487EE60389F1;
			remoteInfo = GemmaEdgeGallery_iOS;
		};
/* End PBXContainerItemProxy section */

/* Begin PBXCopyFilesBuildPhase section */
		33E95DC5A76C53F4D50C60CA /* Embed Frameworks */ = {
			isa = PBXCopyFilesBuildPhase;
			buildActionMask = 2147483647;
			dstPath = "";
			dstSubfolderSpec = 10;
			files = (
			);
			name = "Embed Frameworks";
			runOnlyForDeploymentPostprocessing = 0;
		};
		4F9D29C6E0823BA01CB9BFC4 /* Embed Frameworks */ = {
			isa = PBXCopyFilesBuildPhase;
			buildActionMask = 2147483647;
			dstPath = "";
			dstSubfolderSpec = 10;
			files = (
			);
			name = "Embed Frameworks";
			runOnlyForDeploymentPostprocessing = 0;
		};
		6A3B06C4670EE3151B48C9CD /* Embed Frameworks */ = {
			isa = PBXCopyFilesBuildPhase;
			buildActionMask = 2147483647;
			dstPath = "";
			dstSubfolderSpec = 10;
			files = (
			);
			name = "Embed Frameworks";
			runOnlyForDeploymentPostprocessing = 0;
		};
		7DC04893D482948163C763F2 /* Embed Frameworks */ = {
			isa = PBXCopyFilesBuildPhase;
			buildActionMask = 2147483647;
			dstPath = "";
			dstSubfolderSpec = 10;
			files = (
			);
			name = "Embed Frameworks";
			runOnlyForDeploymentPostprocessing = 0;
		};
		BA9C3775439DFC3B2EC567AE /* Embed Frameworks */ = {
			isa = PBXCopyFilesBuildPhase;
			buildActionMask = 2147483647;
			dstPath = "";
			dstSubfolderSpec = 10;
			files = (
			);
			name = "Embed Frameworks";
			runOnlyForDeploymentPostprocessing = 0;
		};
		E318A47517F8014695F121AB /* Embed Frameworks */ = {
			isa = PBXCopyFilesBuildPhase;
			buildActionMask = 2147483647;
			dstPath = "";
			dstSubfolderSpec = 10;
			files = (
			);
			name = "Embed Frameworks";
			runOnlyForDeploymentPostprocessing = 0;
		};
/* End PBXCopyFilesBuildPhase section */

/* Begin PBXFileReference section */
		04043E27DE72C26E9B6995FC /* TextAnalyzerTool.swift */ = {isa = PBXFileReference; lastKnownFileType = sourcecode.swift; path = TextAnalyzerTool.swift; sourceTree = "<group>"; };
		044FF4D5C838BD6A0D047F2D /* ConversationViewModel+MCP.swift */ = {isa = PBXFileReference; lastKnownFileType = sourcecode.swift; path = "ConversationViewModel+MCP.swift"; sourceTree = "<group>"; };
		051DD4F293BE1279D4E11AB6 /* GemmaEdgeGallery_iOSTests.xctest */ = {isa = PBXFileReference; explicitFileType = wrapper.cfbundle; includeInIndex = 0; path = GemmaEdgeGallery_iOSTests.xctest; sourceTree = BUILT_PRODUCTS_DIR; };
		0A37C8AFD1FE4801E485D6B2 /* GemmaEdgeGallery_iOS.entitlements */ = {isa = PBXFileReference; lastKnownFileType = text.plist.entitlements; path = GemmaEdgeGallery_iOS.entitlements; sourceTree = "<group>"; };
		0A9E3507B6A2D075B3711A87 /* GemmaEdgeGalleryTests.swift */ = {isa = PBXFileReference; lastKnownFileType = sourcecode.swift; path = GemmaEdgeGalleryTests.swift; sourceTree = "<group>"; };
		0B2D62FDA086639DD91E9FF2 /* ThinkingParser.swift */ = {isa = PBXFileReference; lastKnownFileType = sourcecode.swift; path = ThinkingParser.swift; sourceTree = "<group>"; };
		13D0C4FD28B1C5684580B538 /* ContentView.swift */ = {isa = PBXFileReference; lastKnownFileType = sourcecode.swift; path = ContentView.swift; sourceTree = "<group>"; };
		15EC1487C98821C5748CFDA5 /* GemmaEdgeGallery_macOS.entitlements */ = {isa = PBXFileReference; lastKnownFileType = text.plist.entitlements; path = GemmaEdgeGallery_macOS.entitlements; sourceTree = "<group>"; };
		1674CCE6BB3A9703DD7FA26F /* GalleryParityBenchmarkTests.swift */ = {isa = PBXFileReference; lastKnownFileType = sourcecode.swift; path = GalleryParityBenchmarkTests.swift; sourceTree = "<group>"; };
		188FB0BAA0B3BDB48D178183 /* DynamicMCPBridge.swift */ = {isa = PBXFileReference; lastKnownFileType = sourcecode.swift; path = DynamicMCPBridge.swift; sourceTree = "<group>"; };
		18C038C9FDC9DF8905224D67 /* main.swift */ = {isa = PBXFileReference; lastKnownFileType = sourcecode.swift; path = main.swift; sourceTree = "<group>"; };
		1A038D32B025F30D09844F2B /* ModelStripView.swift */ = {isa = PBXFileReference; lastKnownFileType = sourcecode.swift; path = ModelStripView.swift; sourceTree = "<group>"; };
		1C6C5206113A001349E763BA /* SystemHealthTool.swift */ = {isa = PBXFileReference; lastKnownFileType = sourcecode.swift; path = SystemHealthTool.swift; sourceTree = "<group>"; };
		2A07BFD8311916D77A1886BD /* ChatMessageTests.swift */ = {isa = PBXFileReference; lastKnownFileType = sourcecode.swift; path = ChatMessageTests.swift; sourceTree = "<group>"; };
		368D4D1A93F94E579C63921F /* MCPServerConfig.swift */ = {isa = PBXFileReference; lastKnownFileType = sourcecode.swift; path = MCPServerConfig.swift; sourceTree = "<group>"; };
		3A6952595C8EE37A4ABFCEB6 /* InstrumentedEngine.swift */ = {isa = PBXFileReference; lastKnownFileType = sourcecode.swift; path = InstrumentedEngine.swift; sourceTree = "<group>"; };
		3EFE1A0FFDDC61DD0047E0D7 /* DeveloperAutomationHarness.swift */ = {isa = PBXFileReference; lastKnownFileType = sourcecode.swift; path = DeveloperAutomationHarness.swift; sourceTree = "<group>"; };
		3FED0BFB3C2861062939AA2D /* ModelDownloadManager.swift */ = {isa = PBXFileReference; lastKnownFileType = sourcecode.swift; path = ModelDownloadManager.swift; sourceTree = "<group>"; };
		4521940763023790A16F4A40 /* MultiTurnIntegrationTests.swift */ = {isa = PBXFileReference; lastKnownFileType = sourcecode.swift; path = MultiTurnIntegrationTests.swift; sourceTree = "<group>"; };
		4B594B972E5727356A35B5F1 /* UnitConverterTool.swift */ = {isa = PBXFileReference; lastKnownFileType = sourcecode.swift; path = UnitConverterTool.swift; sourceTree = "<group>"; };
		4BD3563A45836DCD8BCB1AB2 /* ConversationAreaView.swift */ = {isa = PBXFileReference; lastKnownFileType = sourcecode.swift; path = ConversationAreaView.swift; sourceTree = "<group>"; };
		4CB89E025EF634307BF8E657 /* PerformanceTests.swift */ = {isa = PBXFileReference; lastKnownFileType = sourcecode.swift; path = PerformanceTests.swift; sourceTree = "<group>"; };
		520C147DC6D1A7800A39BF16 /* DesignSystem.swift */ = {isa = PBXFileReference; lastKnownFileType = sourcecode.swift; path = DesignSystem.swift; sourceTree = "<group>"; };
		5376275ACE0B6D1F1E9A388E /* GemmaEdgeGallery_macOSUITests-Info.plist */ = {isa = PBXFileReference; lastKnownFileType = text.plist; path = "GemmaEdgeGallery_macOSUITests-Info.plist"; sourceTree = "<group>"; };
		583E8A85B6F40E10EC29A863 /* GemmaEdgeGallery_iOS-Info.plist */ = {isa = PBXFileReference; lastKnownFileType = text.plist; path = "GemmaEdgeGallery_iOS-Info.plist"; sourceTree = "<group>"; };
		6465E7BE47285F1F73CB51FF /* ToolCallingIntegrationTests.swift */ = {isa = PBXFileReference; lastKnownFileType = sourcecode.swift; path = ToolCallingIntegrationTests.swift; sourceTree = "<group>"; };
		652FB6F2E8DA92552A96CA56 /* ConversationViewModel.swift */ = {isa = PBXFileReference; lastKnownFileType = sourcecode.swift; path = ConversationViewModel.swift; sourceTree = "<group>"; };
		664977B07C3AC8E52E694B12 /* MCPClientTests.swift */ = {isa = PBXFileReference; lastKnownFileType = sourcecode.swift; path = MCPClientTests.swift; sourceTree = "<group>"; };
		71A93ABB8D2BF4C162F87A24 /* ChatBubbleView.swift */ = {isa = PBXFileReference; lastKnownFileType = sourcecode.swift; path = ChatBubbleView.swift; sourceTree = "<group>"; };
		7251A29088639575E02C849E /* GemmaEdgeGallery_iOSTests-Info.plist */ = {isa = PBXFileReference; lastKnownFileType = text.plist; path = "GemmaEdgeGallery_iOSTests-Info.plist"; sourceTree = "<group>"; };
		741F195618C660E0A5CF55A4 /* GemmaEdgeGallery_macOSTests.xctest */ = {isa = PBXFileReference; explicitFileType = wrapper.cfbundle; includeInIndex = 0; path = GemmaEdgeGallery_macOSTests.xctest; sourceTree = BUILT_PRODUCTS_DIR; };
		7810F3DEB9DCED91CACA8AD2 /* StatusBarView.swift */ = {isa = PBXFileReference; lastKnownFileType = sourcecode.swift; path = StatusBarView.swift; sourceTree = "<group>"; };
		787C879B603FA5E9352619B5 /* InputAreaView.swift */ = {isa = PBXFileReference; lastKnownFileType = sourcecode.swift; path = InputAreaView.swift; sourceTree = "<group>"; };
		797C46BD999222E9B315415E /* GemmaEdgeGallery_macOS-Info.plist */ = {isa = PBXFileReference; lastKnownFileType = text.plist; path = "GemmaEdgeGallery_macOS-Info.plist"; sourceTree = "<group>"; };
		7A3BC46145DF6313C0871B44 /* GemmaEdgeGallery_iOS.app */ = {isa = PBXFileReference; explicitFileType = wrapper.application; includeInIndex = 0; path = GemmaEdgeGallery_iOS.app; sourceTree = BUILT_PRODUCTS_DIR; };
		7AEBED21DAE3EE0498E560C9 /* MockInstrumentedEngine.swift */ = {isa = PBXFileReference; lastKnownFileType = sourcecode.swift; path = MockInstrumentedEngine.swift; sourceTree = "<group>"; };
		7BB9615574BE631BD3FCDC8A /* ModelShowcaseView.swift */ = {isa = PBXFileReference; lastKnownFileType = sourcecode.swift; path = ModelShowcaseView.swift; sourceTree = "<group>"; };
		7C4E8C142033C23D32C0C55F /* PerformanceDashboardView.swift */ = {isa = PBXFileReference; lastKnownFileType = sourcecode.swift; path = PerformanceDashboardView.swift; sourceTree = "<group>"; };
		85657D1C28168F5AF22962E0 /* BenchmarkBarView.swift */ = {isa = PBXFileReference; lastKnownFileType = sourcecode.swift; path = BenchmarkBarView.swift; sourceTree = "<group>"; };
		8F9CABCD3FA9C038CA638416 /* SmartFallbackIntegrationTests.swift */ = {isa = PBXFileReference; lastKnownFileType = sourcecode.swift; path = SmartFallbackIntegrationTests.swift; sourceTree = "<group>"; };
		9B0211C1E703BC5F6365AC9B /* AgentSkills.swift */ = {isa = PBXFileReference; lastKnownFileType = sourcecode.swift; path = AgentSkills.swift; sourceTree = "<group>"; };
		9CD3CF106E47C1A807B767C3 /* HFTokenStorage.swift */ = {isa = PBXFileReference; lastKnownFileType = sourcecode.swift; path = HFTokenStorage.swift; sourceTree = "<group>"; };
		9D97ECC8C74B25BF8F12EB38 /* DeviceInfoTool.swift */ = {isa = PBXFileReference; lastKnownFileType = sourcecode.swift; path = DeviceInfoTool.swift; sourceTree = "<group>"; };
		9EE8CE0F4425F7D213C73029 /* GemmaEdgeGalleryApp.swift */ = {isa = PBXFileReference; lastKnownFileType = sourcecode.swift; path = GemmaEdgeGalleryApp.swift; sourceTree = "<group>"; };
		A4DC3AFC821C3B195698581E /* InferenceSettingsView.swift */ = {isa = PBXFileReference; lastKnownFileType = sourcecode.swift; path = InferenceSettingsView.swift; sourceTree = "<group>"; };
		A4FD3395347414F0006578C2 /* ChatBubbleComponents.swift */ = {isa = PBXFileReference; lastKnownFileType = sourcecode.swift; path = ChatBubbleComponents.swift; sourceTree = "<group>"; };
		A6ECB64643B44363F316E23C /* GemmaEdgeGallery_macOSUITests.xctest */ = {isa = PBXFileReference; explicitFileType = wrapper.cfbundle; includeInIndex = 0; path = GemmaEdgeGallery_macOSUITests.xctest; sourceTree = BUILT_PRODUCTS_DIR; };
		A703867B7605AF5510E1788C /* ModelRegistryTests.swift */ = {isa = PBXFileReference; lastKnownFileType = sourcecode.swift; path = ModelRegistryTests.swift; sourceTree = "<group>"; };
		B2F4722041316A41524429F7 /* MetricsStore.swift */ = {isa = PBXFileReference; lastKnownFileType = sourcecode.swift; path = MetricsStore.swift; sourceTree = "<group>"; };
		B697A87FF490C2F2EC5A37C3 /* GalleryModelDiscoveryTests.swift */ = {isa = PBXFileReference; lastKnownFileType = sourcecode.swift; path = GalleryModelDiscoveryTests.swift; sourceTree = "<group>"; };
		B9B122A57D087E160F46832F /* CalculatorTool.swift */ = {isa = PBXFileReference; lastKnownFileType = sourcecode.swift; path = CalculatorTool.swift; sourceTree = "<group>"; };
		BF6B7344DEF4E6A04EDB40A7 /* ChatMessage.swift */ = {isa = PBXFileReference; lastKnownFileType = sourcecode.swift; path = ChatMessage.swift; sourceTree = "<group>"; };
		C937B553045886C9B41B318F /* ThinkingParserTests.swift */ = {isa = PBXFileReference; lastKnownFileType = sourcecode.swift; path = ThinkingParserTests.swift; sourceTree = "<group>"; };
		C9856A5B5A6639A4D74C27B4 /* DateTimeTool.swift */ = {isa = PBXFileReference; lastKnownFileType = sourcecode.swift; path = DateTimeTool.swift; sourceTree = "<group>"; };
		D21AEED925185DB6B50375A8 /* GemmaEdgeGalleryUITests.swift */ = {isa = PBXFileReference; lastKnownFileType = sourcecode.swift; path = GemmaEdgeGalleryUITests.swift; sourceTree = "<group>"; };
		D25B958C42B26FCBEAA6CEE2 /* MCPClient.swift */ = {isa = PBXFileReference; lastKnownFileType = sourcecode.swift; path = MCPClient.swift; sourceTree = "<group>"; };
		D402F866C22AB7A0D0C4B5E6 /* GemmaEdgeGallery_macOS.app */ = {isa = PBXFileReference; explicitFileType = wrapper.application; includeInIndex = 0; path = GemmaEdgeGallery_macOS.app; sourceTree = BUILT_PRODUCTS_DIR; };
		D86268109F0A87B49C60D371 /* ToolCallingTests.swift */ = {isa = PBXFileReference; lastKnownFileType = sourcecode.swift; path = ToolCallingTests.swift; sourceTree = "<group>"; };
		D8CBF76DA632A6C4889A50FF /* ConversationViewModelSamplerTests.swift */ = {isa = PBXFileReference; lastKnownFileType = sourcecode.swift; path = ConversationViewModelSamplerTests.swift; sourceTree = "<group>"; };
		E0CA663D3184E2452006BB56 /* ExperimentalFlagsState.swift */ = {isa = PBXFileReference; lastKnownFileType = sourcecode.swift; path = ExperimentalFlagsState.swift; sourceTree = "<group>"; };
		E689654EC6440F1BFC778A93 /* DownloadManagerTests.swift */ = {isa = PBXFileReference; lastKnownFileType = sourcecode.swift; path = DownloadManagerTests.swift; sourceTree = "<group>"; };
		E944BC20286B39F865865BBF /* RawBenchmark */ = {isa = PBXFileReference; includeInIndex = 0; path = RawBenchmark; sourceTree = BUILT_PRODUCTS_DIR; };
		EEE3E69496F04B94722FC934 /* DeviceMetrics.swift */ = {isa = PBXFileReference; lastKnownFileType = sourcecode.swift; path = DeviceMetrics.swift; sourceTree = "<group>"; };
		EF3DE5D6FF270A6B7AF9BEB9 /* RawBenchmark-Info.plist */ = {isa = PBXFileReference; lastKnownFileType = text.plist; path = "RawBenchmark-Info.plist"; sourceTree = "<group>"; };
		F2AB82E3FFA569D37333349A /* ModelMetadata.swift */ = {isa = PBXFileReference; lastKnownFileType = sourcecode.swift; path = ModelMetadata.swift; sourceTree = "<group>"; };
		F2C1E36001F9105A32C11B3E /* ToolRegistry.swift */ = {isa = PBXFileReference; lastKnownFileType = sourcecode.swift; path = ToolRegistry.swift; sourceTree = "<group>"; };
		FA84FE573AF07CAEBA7001E0 /* GalleryModelDiscovery.swift */ = {isa = PBXFileReference; lastKnownFileType = sourcecode.swift; path = GalleryModelDiscovery.swift; sourceTree = "<group>"; };
		FBD566A3862F005828D696CB /* GemmaEdgeGallery_macOSTests-Info.plist */ = {isa = PBXFileReference; lastKnownFileType = text.plist; path = "GemmaEdgeGallery_macOSTests-Info.plist"; sourceTree = "<group>"; };
/* End PBXFileReference section */

/* Begin PBXFrameworksBuildPhase section */
		038FBEF33532C32106DB227D /* Frameworks */ = {
			isa = PBXFrameworksBuildPhase;
			buildActionMask = 2147483647;
			files = (
			);
			runOnlyForDeploymentPostprocessing = 0;
		};
		3733DF994B50C474C04FAFFF /* Frameworks */ = {
			isa = PBXFrameworksBuildPhase;
			buildActionMask = 2147483647;
			files = (
			);
			runOnlyForDeploymentPostprocessing = 0;
		};
		4804F9465A3B301E2A701EE8 /* Frameworks */ = {
			isa = PBXFrameworksBuildPhase;
			buildActionMask = 2147483647;
			files = (
				54F1E2D6B2BB2A1E91989B0E /* LiteRTLM in Frameworks */,
				D0E9FC80AF3C8751A31D3799 /* MarkdownUI in Frameworks */,
			);
			runOnlyForDeploymentPostprocessing = 0;
		};
		516AE98B98BEF4DE122A2395 /* Frameworks */ = {
			isa = PBXFrameworksBuildPhase;
			buildActionMask = 2147483647;
			files = (
				BAE6757D7FC4B0F357C26E3A /* LiteRTLM in Frameworks */,
			);
			runOnlyForDeploymentPostprocessing = 0;
		};
		7620FF1383D42A60CBB565A1 /* Frameworks */ = {
			isa = PBXFrameworksBuildPhase;
			buildActionMask = 2147483647;
			files = (
			);
			runOnlyForDeploymentPostprocessing = 0;
		};
		F01B54F00841BB0B9AFF736A /* Frameworks */ = {
			isa = PBXFrameworksBuildPhase;
			buildActionMask = 2147483647;
			files = (
				AE653659D7016675C2F3E7D8 /* LiteRTLM in Frameworks */,
				47BEA2756BDFCF737727C93C /* MarkdownUI in Frameworks */,
			);
			runOnlyForDeploymentPostprocessing = 0;
		};
/* End PBXFrameworksBuildPhase section */

/* Begin PBXGroup section */
		03C3C99DB3A38F6EC592C8BD /* Project */ = {
			isa = PBXGroup;
			children = (
				25773E533BA6674CBEB7F2C0 /* Derived */,
				51438D84E86C9AC36DF67E94 /* RawBenchmark */,
				27C54F4D55D4D01EF2B7FF4D /* Sources */,
				B96021188CA7E40CCBEEEF42 /* Tests */,
				0FCE443A78DFDF05721AECCD /* UITests */,
				0A37C8AFD1FE4801E485D6B2 /* GemmaEdgeGallery_iOS.entitlements */,
				15EC1487C98821C5748CFDA5 /* GemmaEdgeGallery_macOS.entitlements */,
			);
			name = Project;
			sourceTree = "<group>";
		};
		0FCE443A78DFDF05721AECCD /* UITests */ = {
			isa = PBXGroup;
			children = (
				D21AEED925185DB6B50375A8 /* GemmaEdgeGalleryUITests.swift */,
			);
			path = UITests;
			sourceTree = "<group>";
		};
		196E4BED00C674BD0EB0E742 = {
			isa = PBXGroup;
			children = (
				37C26668B6D0D8D29555591B /* Products */,
				03C3C99DB3A38F6EC592C8BD /* Project */,
			);
			sourceTree = "<group>";
		};
		25773E533BA6674CBEB7F2C0 /* Derived */ = {
			isa = PBXGroup;
			children = (
				32AB40312CC78A750A933C94 /* InfoPlists */,
			);
			path = Derived;
			sourceTree = "<group>";
		};
		27C54F4D55D4D01EF2B7FF4D /* Sources */ = {
			isa = PBXGroup;
			children = (
				9B0211C1E703BC5F6365AC9B /* AgentSkills.swift */,
				85657D1C28168F5AF22962E0 /* BenchmarkBarView.swift */,
				B9B122A57D087E160F46832F /* CalculatorTool.swift */,
				A4FD3395347414F0006578C2 /* ChatBubbleComponents.swift */,
				71A93ABB8D2BF4C162F87A24 /* ChatBubbleView.swift */,
				BF6B7344DEF4E6A04EDB40A7 /* ChatMessage.swift */,
				13D0C4FD28B1C5684580B538 /* ContentView.swift */,
				4BD3563A45836DCD8BCB1AB2 /* ConversationAreaView.swift */,
				652FB6F2E8DA92552A96CA56 /* ConversationViewModel.swift */,
				044FF4D5C838BD6A0D047F2D /* ConversationViewModel+MCP.swift */,
				C9856A5B5A6639A4D74C27B4 /* DateTimeTool.swift */,
				520C147DC6D1A7800A39BF16 /* DesignSystem.swift */,
				3EFE1A0FFDDC61DD0047E0D7 /* DeveloperAutomationHarness.swift */,
				9D97ECC8C74B25BF8F12EB38 /* DeviceInfoTool.swift */,
				EEE3E69496F04B94722FC934 /* DeviceMetrics.swift */,
				188FB0BAA0B3BDB48D178183 /* DynamicMCPBridge.swift */,
				E0CA663D3184E2452006BB56 /* ExperimentalFlagsState.swift */,
				FA84FE573AF07CAEBA7001E0 /* GalleryModelDiscovery.swift */,
				9EE8CE0F4425F7D213C73029 /* GemmaEdgeGalleryApp.swift */,
				9CD3CF106E47C1A807B767C3 /* HFTokenStorage.swift */,
				A4DC3AFC821C3B195698581E /* InferenceSettingsView.swift */,
				787C879B603FA5E9352619B5 /* InputAreaView.swift */,
				3A6952595C8EE37A4ABFCEB6 /* InstrumentedEngine.swift */,
				D25B958C42B26FCBEAA6CEE2 /* MCPClient.swift */,
				368D4D1A93F94E579C63921F /* MCPServerConfig.swift */,
				B2F4722041316A41524429F7 /* MetricsStore.swift */,
				3FED0BFB3C2861062939AA2D /* ModelDownloadManager.swift */,
				F2AB82E3FFA569D37333349A /* ModelMetadata.swift */,
				7BB9615574BE631BD3FCDC8A /* ModelShowcaseView.swift */,
				1A038D32B025F30D09844F2B /* ModelStripView.swift */,
				7C4E8C142033C23D32C0C55F /* PerformanceDashboardView.swift */,
				7810F3DEB9DCED91CACA8AD2 /* StatusBarView.swift */,
				1C6C5206113A001349E763BA /* SystemHealthTool.swift */,
				04043E27DE72C26E9B6995FC /* TextAnalyzerTool.swift */,
				0B2D62FDA086639DD91E9FF2 /* ThinkingParser.swift */,
				F2C1E36001F9105A32C11B3E /* ToolRegistry.swift */,
				4B594B972E5727356A35B5F1 /* UnitConverterTool.swift */,
			);
			path = Sources;
			sourceTree = "<group>";
		};
		32AB40312CC78A750A933C94 /* InfoPlists */ = {
			isa = PBXGroup;
			children = (
				583E8A85B6F40E10EC29A863 /* GemmaEdgeGallery_iOS-Info.plist */,
				7251A29088639575E02C849E /* GemmaEdgeGallery_iOSTests-Info.plist */,
				797C46BD999222E9B315415E /* GemmaEdgeGallery_macOS-Info.plist */,
				FBD566A3862F005828D696CB /* GemmaEdgeGallery_macOSTests-Info.plist */,
				5376275ACE0B6D1F1E9A388E /* GemmaEdgeGallery_macOSUITests-Info.plist */,
				EF3DE5D6FF270A6B7AF9BEB9 /* RawBenchmark-Info.plist */,
			);
			path = InfoPlists;
			sourceTree = "<group>";
		};
		37C26668B6D0D8D29555591B /* Products */ = {
			isa = PBXGroup;
			children = (
				7A3BC46145DF6313C0871B44 /* GemmaEdgeGallery_iOS.app */,
				051DD4F293BE1279D4E11AB6 /* GemmaEdgeGallery_iOSTests.xctest */,
				D402F866C22AB7A0D0C4B5E6 /* GemmaEdgeGallery_macOS.app */,
				741F195618C660E0A5CF55A4 /* GemmaEdgeGallery_macOSTests.xctest */,
				A6ECB64643B44363F316E23C /* GemmaEdgeGallery_macOSUITests.xctest */,
				E944BC20286B39F865865BBF /* RawBenchmark */,
			);
			name = Products;
			sourceTree = "<group>";
		};
		51438D84E86C9AC36DF67E94 /* RawBenchmark */ = {
			isa = PBXGroup;
			children = (
				18C038C9FDC9DF8905224D67 /* main.swift */,
			);
			path = RawBenchmark;
			sourceTree = "<group>";
		};
		B96021188CA7E40CCBEEEF42 /* Tests */ = {
			isa = PBXGroup;
			children = (
				2A07BFD8311916D77A1886BD /* ChatMessageTests.swift */,
				D8CBF76DA632A6C4889A50FF /* ConversationViewModelSamplerTests.swift */,
				E689654EC6440F1BFC778A93 /* DownloadManagerTests.swift */,
				B697A87FF490C2F2EC5A37C3 /* GalleryModelDiscoveryTests.swift */,
				1674CCE6BB3A9703DD7FA26F /* GalleryParityBenchmarkTests.swift */,
				0A9E3507B6A2D075B3711A87 /* GemmaEdgeGalleryTests.swift */,
				664977B07C3AC8E52E694B12 /* MCPClientTests.swift */,
				7AEBED21DAE3EE0498E560C9 /* MockInstrumentedEngine.swift */,
				A703867B7605AF5510E1788C /* ModelRegistryTests.swift */,
				4521940763023790A16F4A40 /* MultiTurnIntegrationTests.swift */,
				4CB89E025EF634307BF8E657 /* PerformanceTests.swift */,
				8F9CABCD3FA9C038CA638416 /* SmartFallbackIntegrationTests.swift */,
				C937B553045886C9B41B318F /* ThinkingParserTests.swift */,
				6465E7BE47285F1F73CB51FF /* ToolCallingIntegrationTests.swift */,
				D86268109F0A87B49C60D371 /* ToolCallingTests.swift */,
			);
			path = Tests;
			sourceTree = "<group>";
		};
/* End PBXGroup section */

/* Begin PBXNativeTarget section */
		347D17B3AC0C9D01BD72CDEF /* GemmaEdgeGallery_macOSTests */ = {
			isa = PBXNativeTarget;
			buildConfigurationList = 3238766ED56F0A87A2C6DCD6 /* Build configuration list for PBXNativeTarget "GemmaEdgeGallery_macOSTests" */;
			buildPhases = (
				99C006322B04511BA1D9A21A /* Sources */,
				2D5140474D1C2E320FD807DD /* Resources */,
				7620FF1383D42A60CBB565A1 /* Frameworks */,
				7DC04893D482948163C763F2 /* Embed Frameworks */,
			);
			buildRules = (
			);
			dependencies = (
				C5C2BB474E086BDEE77E24AC /* PBXTargetDependency */,
			);
			name = GemmaEdgeGallery_macOSTests;
			packageProductDependencies = (
			);
			productName = GemmaEdgeGallery_macOSTests;
			productReference = 741F195618C660E0A5CF55A4 /* GemmaEdgeGallery_macOSTests.xctest */;
			productType = "com.apple.product-type.bundle.unit-test";
		};
		455C29ADD947A175D1365921 /* GemmaEdgeGallery_iOSTests */ = {
			isa = PBXNativeTarget;
			buildConfigurationList = 8FC5CF2E4CD482C38CE21F59 /* Build configuration list for PBXNativeTarget "GemmaEdgeGallery_iOSTests" */;
			buildPhases = (
				B3E455F99B9626E5AF94BD58 /* Sources */,
				77D1C2583A1F57248385DA18 /* Resources */,
				3733DF994B50C474C04FAFFF /* Frameworks */,
				E318A47517F8014695F121AB /* Embed Frameworks */,
			);
			buildRules = (
			);
			dependencies = (
				94EA71747686360EE18987F4 /* PBXTargetDependency */,
			);
			name = GemmaEdgeGallery_iOSTests;
			packageProductDependencies = (
			);
			productName = GemmaEdgeGallery_iOSTests;
			productReference = 051DD4F293BE1279D4E11AB6 /* GemmaEdgeGallery_iOSTests.xctest */;
			productType = "com.apple.product-type.bundle.unit-test";
		};
		4784DFEEB377F23C156E8A5D /* RawBenchmark */ = {
			isa = PBXNativeTarget;
			buildConfigurationList = BB7E48035D25D452F33432C5 /* Build configuration list for PBXNativeTarget "RawBenchmark" */;
			buildPhases = (
				A5AA132F8E5229796BE29B05 /* Sources */,
				5B6AA7E471C5BB3417A695B8 /* Resources */,
				516AE98B98BEF4DE122A2395 /* Frameworks */,
				6A3B06C4670EE3151B48C9CD /* Embed Frameworks */,
			);
			buildRules = (
			);
			dependencies = (
			);
			name = RawBenchmark;
			packageProductDependencies = (
				F4C1BC3201B81CC807150405 /* LiteRTLM */,
			);
			productName = RawBenchmark;
			productReference = E944BC20286B39F865865BBF /* RawBenchmark */;
			productType = "com.apple.product-type.tool";
		};
		5C5F2D78F1F38BD4D6E417D1 /* GemmaEdgeGallery_macOSUITests */ = {
			isa = PBXNativeTarget;
			buildConfigurationList = 971796D9100DFAEB84653889 /* Build configuration list for PBXNativeTarget "GemmaEdgeGallery_macOSUITests" */;
			buildPhases = (
				8F003370EB6869C845A6D3B2 /* Sources */,
				21D5FA068D40E689C2AC4DD4 /* Resources */,
				038FBEF33532C32106DB227D /* Frameworks */,
				BA9C3775439DFC3B2EC567AE /* Embed Frameworks */,
			);
			buildRules = (
			);
			dependencies = (
				4C31DD0663FDD8FF579DCA68 /* PBXTargetDependency */,
			);
			name = GemmaEdgeGallery_macOSUITests;
			packageProductDependencies = (
			);
			productName = GemmaEdgeGallery_macOSUITests;
			productReference = A6ECB64643B44363F316E23C /* GemmaEdgeGallery_macOSUITests.xctest */;
			productType = "com.apple.product-type.bundle.ui-testing";
		};
		6084F29BAE6490F4E8D99FAF /* GemmaEdgeGallery_macOS */ = {
			isa = PBXNativeTarget;
			buildConfigurationList = A3C869B93CEF1A79999975DD /* Build configuration list for PBXNativeTarget "GemmaEdgeGallery_macOS" */;
			buildPhases = (
				5E213DFDA891FD1BF8737F30 /* Sources */,
				B4E9D17D1674E971FCFC9C7E /* Resources */,
				4804F9465A3B301E2A701EE8 /* Frameworks */,
				4F9D29C6E0823BA01CB9BFC4 /* Embed Frameworks */,
			);
			buildRules = (
			);
			dependencies = (
			);
			name = GemmaEdgeGallery_macOS;
			packageProductDependencies = (
				D332ED50D341ACB4502D2B34 /* LiteRTLM */,
				20E48B42733B333D68FCB090 /* MarkdownUI */,
			);
			productName = GemmaEdgeGallery_macOS;
			productReference = D402F866C22AB7A0D0C4B5E6 /* GemmaEdgeGallery_macOS.app */;
			productType = "com.apple.product-type.application";
		};
		9474122D42B4487EE60389F1 /* GemmaEdgeGallery_iOS */ = {
			isa = PBXNativeTarget;
			buildConfigurationList = CDF71A4F5F5EFC5A510BE25B /* Build configuration list for PBXNativeTarget "GemmaEdgeGallery_iOS" */;
			buildPhases = (
				555A8C6DD5A5E0581189EFEA /* Sources */,
				D27F801A229C8865B12E39FB /* Resources */,
				F01B54F00841BB0B9AFF736A /* Frameworks */,
				33E95DC5A76C53F4D50C60CA /* Embed Frameworks */,
			);
			buildRules = (
			);
			dependencies = (
			);
			name = GemmaEdgeGallery_iOS;
			packageProductDependencies = (
				0D09CE265F87B6783759F567 /* LiteRTLM */,
				64576C59D7EDF478ADD83AA4 /* MarkdownUI */,
			);
			productName = GemmaEdgeGallery_iOS;
			productReference = 7A3BC46145DF6313C0871B44 /* GemmaEdgeGallery_iOS.app */;
			productType = "com.apple.product-type.application";
		};
/* End PBXNativeTarget section */

/* Begin PBXProject section */
		80318254F598D4CE6C7F92A2 /* Project object */ = {
			isa = PBXProject;
			attributes = {
				BuildIndependentTargetsInParallel = YES;
				TargetAttributes = {
					347D17B3AC0C9D01BD72CDEF = {
						TestTargetID = 6084F29BAE6490F4E8D99FAF;
					};
					455C29ADD947A175D1365921 = {
						TestTargetID = 9474122D42B4487EE60389F1;
					};
					5C5F2D78F1F38BD4D6E417D1 = {
						TestTargetID = 6084F29BAE6490F4E8D99FAF;
					};
				};
			};
			buildConfigurationList = 8FC26433C58A0DEBADD21FB5 /* Build configuration list for PBXProject "GemmaEdgeGallery" */;
			compatibilityVersion = "Xcode 14.0";
			developmentRegion = en;
			hasScannedForEncodings = 0;
			knownRegions = (
				Base,
				en,
			);
			mainGroup = 196E4BED00C674BD0EB0E742;
			packageReferences = (
				CB9C37331D48A49CDD867DD3 /* XCRemoteSwiftPackageReference "swift-markdown-ui" */,
				7977F1437507DE91A659C182 /* XCRemoteSwiftPackageReference "LiteRT-LM" */,
			);
			productRefGroup = 37C26668B6D0D8D29555591B /* Products */;
			projectDirPath = "";
			projectRoot = "";
			targets = (
				9474122D42B4487EE60389F1 /* GemmaEdgeGallery_iOS */,
				455C29ADD947A175D1365921 /* GemmaEdgeGallery_iOSTests */,
				6084F29BAE6490F4E8D99FAF /* GemmaEdgeGallery_macOS */,
				347D17B3AC0C9D01BD72CDEF /* GemmaEdgeGallery_macOSTests */,
				5C5F2D78F1F38BD4D6E417D1 /* GemmaEdgeGallery_macOSUITests */,
				4784DFEEB377F23C156E8A5D /* RawBenchmark */,
			);
		};
/* End PBXProject section */

/* Begin PBXResourcesBuildPhase section */
		21D5FA068D40E689C2AC4DD4 /* Resources */ = {
			isa = PBXResourcesBuildPhase;
			buildActionMask = 2147483647;
			files = (
			);
			runOnlyForDeploymentPostprocessing = 0;
		};
		2D5140474D1C2E320FD807DD /* Resources */ = {
			isa = PBXResourcesBuildPhase;
			buildActionMask = 2147483647;
			files = (
			);
			runOnlyForDeploymentPostprocessing = 0;
		};
		5B6AA7E471C5BB3417A695B8 /* Resources */ = {
			isa = PBXResourcesBuildPhase;
			buildActionMask = 2147483647;
			files = (
			);
			runOnlyForDeploymentPostprocessing = 0;
		};
		77D1C2583A1F57248385DA18 /* Resources */ = {
			isa = PBXResourcesBuildPhase;
			buildActionMask = 2147483647;
			files = (
			);
			runOnlyForDeploymentPostprocessing = 0;
		};
		B4E9D17D1674E971FCFC9C7E /* Resources */ = {
			isa = PBXResourcesBuildPhase;
			buildActionMask = 2147483647;
			files = (
			);
			runOnlyForDeploymentPostprocessing = 0;
		};
		D27F801A229C8865B12E39FB /* Resources */ = {
			isa = PBXResourcesBuildPhase;
			buildActionMask = 2147483647;
			files = (
			);
			runOnlyForDeploymentPostprocessing = 0;
		};
/* End PBXResourcesBuildPhase section */

/* Begin PBXSourcesBuildPhase section */
		555A8C6DD5A5E0581189EFEA /* Sources */ = {
			isa = PBXSourcesBuildPhase;
			buildActionMask = 2147483647;
			files = (
				F487E76ED76A54951C5FA627 /* AgentSkills.swift in Sources */,
				8E97A0B58E38E92DD9B90991 /* BenchmarkBarView.swift in Sources */,
				41F98F2F3E0C8C3EB3A784DD /* CalculatorTool.swift in Sources */,
				FD6B58D6A109CE14964DA9A9 /* ChatBubbleComponents.swift in Sources */,
				D4C8A80BA91AEA578E069055 /* ChatBubbleView.swift in Sources */,
				144353F9E92EBFACD824A390 /* ChatMessage.swift in Sources */,
				04E6D0C35888E40B8B8950E2 /* ContentView.swift in Sources */,
				5353E59F431016CFA8F4DB5E /* ConversationAreaView.swift in Sources */,
				6D6FC3E6C483338E1A128FEF /* ConversationViewModel+MCP.swift in Sources */,
				E5A70101159884BCF80E43DE /* ConversationViewModel.swift in Sources */,
				62E5B1C0597137DB0564DB6B /* DateTimeTool.swift in Sources */,
				1CBCA95E721553C1B3A69A89 /* DesignSystem.swift in Sources */,
				C57CF2D1F671D80C4C4DFDD4 /* DeveloperAutomationHarness.swift in Sources */,
				C837861CEB1C58123BF222F8 /* DeviceInfoTool.swift in Sources */,
				5301FFDBE78A528327DEDCFC /* DeviceMetrics.swift in Sources */,
				736F537BC61ABBAFE0A51564 /* DynamicMCPBridge.swift in Sources */,
				A07912E236A8E99E15DCBA7E /* ExperimentalFlagsState.swift in Sources */,
				1F755C21ED6F8EFF6BE7F075 /* GalleryModelDiscovery.swift in Sources */,
				9A5FC4FEDC36C8466B65E679 /* GemmaEdgeGalleryApp.swift in Sources */,
				CA9421D9E2C874F478F4E119 /* HFTokenStorage.swift in Sources */,
				CD183A62E16FA4F8D901282A /* InferenceSettingsView.swift in Sources */,
				CA625E420AB2AB3453D08F8C /* InputAreaView.swift in Sources */,
				8DEBB76B051567F96FE30E6F /* InstrumentedEngine.swift in Sources */,
				E27D8D78F97251BDEF63526F /* MCPClient.swift in Sources */,
				23937C4939C27A554E136508 /* MCPServerConfig.swift in Sources */,
				A785BF9F5A8736A4E299036B /* MetricsStore.swift in Sources */,
				24741C76CBEC6BBD542FA94B /* ModelDownloadManager.swift in Sources */,
				81CCDE802CCE22F487CA83BA /* ModelMetadata.swift in Sources */,
				1FFF287912AAD5F11D804D63 /* ModelShowcaseView.swift in Sources */,
				06F2BB1016F881C99E3D7E37 /* ModelStripView.swift in Sources */,
				D84FFBFE3FAD0A7E02016508 /* PerformanceDashboardView.swift in Sources */,
				D07E9013BB245F5F28ABA9E6 /* StatusBarView.swift in Sources */,
				05C85E67D84A0374687F911F /* SystemHealthTool.swift in Sources */,
				A21FDB7B0BC017A37F86D3BF /* TextAnalyzerTool.swift in Sources */,
				248E8A754C624476E7D7F005 /* ThinkingParser.swift in Sources */,
				E13967229E8C46B00870CC5C /* ToolRegistry.swift in Sources */,
				B085C97CD31472C516A67D9C /* UnitConverterTool.swift in Sources */,
			);
			runOnlyForDeploymentPostprocessing = 0;
		};
		5E213DFDA891FD1BF8737F30 /* Sources */ = {
			isa = PBXSourcesBuildPhase;
			buildActionMask = 2147483647;
			files = (
				ED43DA47FB13B2248A084E40 /* AgentSkills.swift in Sources */,
				802DFE201C40C00EAF228577 /* BenchmarkBarView.swift in Sources */,
				1A7667361C76C50D613F15F0 /* CalculatorTool.swift in Sources */,
				E4A360EB5B318D99C1F150FC /* ChatBubbleComponents.swift in Sources */,
				C5247B666A887AB7504D7751 /* ChatBubbleView.swift in Sources */,
				58349F84F4724595E31B63B3 /* ChatMessage.swift in Sources */,
				1F33CEFF233BF5212909F5E2 /* ContentView.swift in Sources */,
				C0DB785372FAA350354E5D01 /* ConversationAreaView.swift in Sources */,
				512496A9C7B5DCCF85D92184 /* ConversationViewModel+MCP.swift in Sources */,
				582B5E76E04FC24AE9A9587D /* ConversationViewModel.swift in Sources */,
				0D9F91D95E2F8F480C99A112 /* DateTimeTool.swift in Sources */,
				4E74C4180C226A2BB5187C8D /* DesignSystem.swift in Sources */,
				E98AC5402A52BB43B328A0BB /* DeveloperAutomationHarness.swift in Sources */,
				12478A231B7FDC5148642A1D /* DeviceInfoTool.swift in Sources */,
				AFA393B5117AAC2E50AAB4A8 /* DeviceMetrics.swift in Sources */,
				94C72AFD50E63523F5657D58 /* DynamicMCPBridge.swift in Sources */,
				F6F164818D3FF5620D5F2E2D /* ExperimentalFlagsState.swift in Sources */,
				CE7BDA86C2E5D6E239D4CF1B /* GalleryModelDiscovery.swift in Sources */,
				296ED2AE51BED384E671D97B /* GemmaEdgeGalleryApp.swift in Sources */,
				BEDD32D1CE7AB37FA3C04C53 /* HFTokenStorage.swift in Sources */,
				D2A7E99EBA7042B0BE27C4E0 /* InferenceSettingsView.swift in Sources */,
				9E19FE7E59424E90FCC7B65F /* InputAreaView.swift in Sources */,
				4C1797AFB9471EAD954F1567 /* InstrumentedEngine.swift in Sources */,
				3FA20F04DC19927C821D7637 /* MCPClient.swift in Sources */,
				1281A71886F568B3F41A5EC9 /* MCPServerConfig.swift in Sources */,
				E9607FA0D503675F31C4C845 /* MetricsStore.swift in Sources */,
				2D5384E392EA3AAF0E689CAA /* ModelDownloadManager.swift in Sources */,
				16E6F429E4F2B0F8245E16B7 /* ModelMetadata.swift in Sources */,
				786FD6C64B9ADB5BCFC04087 /* ModelShowcaseView.swift in Sources */,
				640C82D59480E43F21344C1E /* ModelStripView.swift in Sources */,
				388DA7436B5E8EDACE6250EF /* PerformanceDashboardView.swift in Sources */,
				DD49441BD6F975D1DFF39CFE /* StatusBarView.swift in Sources */,
				9E458EB8D5870A7722E54153 /* SystemHealthTool.swift in Sources */,
				A887646F3691C4570E287595 /* TextAnalyzerTool.swift in Sources */,
				CFEF9E3FBF0135A7F403ED98 /* ThinkingParser.swift in Sources */,
				B8C4191D5330F2ECD5B6B36F /* ToolRegistry.swift in Sources */,
				FBD20360834B180332D1FDEB /* UnitConverterTool.swift in Sources */,
			);
			runOnlyForDeploymentPostprocessing = 0;
		};
		8F003370EB6869C845A6D3B2 /* Sources */ = {
			isa = PBXSourcesBuildPhase;
			buildActionMask = 2147483647;
			files = (
				E132E642E672D323833C2354 /* GemmaEdgeGalleryUITests.swift in Sources */,
			);
			runOnlyForDeploymentPostprocessing = 0;
		};
		99C006322B04511BA1D9A21A /* Sources */ = {
			isa = PBXSourcesBuildPhase;
			buildActionMask = 2147483647;
			files = (
				C3CA804B5D2551A0DB8C0CB9 /* ChatMessageTests.swift in Sources */,
				303CCD058771CB1A9B8FEF79 /* ConversationViewModelSamplerTests.swift in Sources */,
				FB7CCA2343A397DE51BB8DBC /* DownloadManagerTests.swift in Sources */,
				09F193162F5F4040DE47CDAE /* GalleryModelDiscoveryTests.swift in Sources */,
				BDCDDFDFEED4A9DE402FFA51 /* GalleryParityBenchmarkTests.swift in Sources */,
				BB241BD68E517DB06A206292 /* GemmaEdgeGalleryTests.swift in Sources */,
				FD21647D5D669A606FC8CB8E /* MCPClientTests.swift in Sources */,
				BDA74E78DF7385DFC9AAC4FD /* MockInstrumentedEngine.swift in Sources */,
				365F47BC2074B7EA1BD49B28 /* ModelRegistryTests.swift in Sources */,
				52A6645499448C9816C22A12 /* MultiTurnIntegrationTests.swift in Sources */,
				59DD342F5FF372DA090F1B2C /* PerformanceTests.swift in Sources */,
				0035D4EB1AB33BA0FC306E94 /* SmartFallbackIntegrationTests.swift in Sources */,
				17A5DE7D4A3DCC634B6E7C9A /* ThinkingParserTests.swift in Sources */,
				8B4467C12519304DF5679A96 /* ToolCallingIntegrationTests.swift in Sources */,
				5192B4B905FA400B17B5B078 /* ToolCallingTests.swift in Sources */,
			);
			runOnlyForDeploymentPostprocessing = 0;
		};
		A5AA132F8E5229796BE29B05 /* Sources */ = {
			isa = PBXSourcesBuildPhase;
			buildActionMask = 2147483647;
			files = (
				FE7335DAAEA2BC65E318C910 /* main.swift in Sources */,
			);
			runOnlyForDeploymentPostprocessing = 0;
		};
		B3E455F99B9626E5AF94BD58 /* Sources */ = {
			isa = PBXSourcesBuildPhase;
			buildActionMask = 2147483647;
			files = (
				15415290F280DDE99F2BD1F7 /* ChatMessageTests.swift in Sources */,
				D1CFBF3BEA5610E6088D6367 /* ConversationViewModelSamplerTests.swift in Sources */,
				C16812EA75D511E90C0EFAE3 /* DownloadManagerTests.swift in Sources */,
				E8C8DD243D1264A9CB7317EA /* GalleryModelDiscoveryTests.swift in Sources */,
				976192E6CF83CE5E5F9F8C3C /* GalleryParityBenchmarkTests.swift in Sources */,
				65EECA3A259232663FC394A5 /* GemmaEdgeGalleryTests.swift in Sources */,
				A4E76488DED56AEC7DF7A4FD /* MCPClientTests.swift in Sources */,
				3C40B743C7A240B70F52A7FD /* MockInstrumentedEngine.swift in Sources */,
				708280C60C8C69C88CF926E7 /* ModelRegistryTests.swift in Sources */,
				2E12A7702CBEBE366AA657CB /* MultiTurnIntegrationTests.swift in Sources */,
				33E92948C1EA2F28F9C3485C /* PerformanceTests.swift in Sources */,
				47738D8189EE5B6E2A1D0098 /* SmartFallbackIntegrationTests.swift in Sources */,
				5F196052EC0C41656F9D80B7 /* ThinkingParserTests.swift in Sources */,
				556E8D9441253C2C9F8861E0 /* ToolCallingIntegrationTests.swift in Sources */,
				4C85C930556BD4A818FF135F /* ToolCallingTests.swift in Sources */,
			);
			runOnlyForDeploymentPostprocessing = 0;
		};
/* End PBXSourcesBuildPhase section */

/* Begin PBXTargetDependency section */
		4C31DD0663FDD8FF579DCA68 /* PBXTargetDependency */ = {
			isa = PBXTargetDependency;
			name = GemmaEdgeGallery_macOS;
			target = 6084F29BAE6490F4E8D99FAF /* GemmaEdgeGallery_macOS */;
			targetProxy = BA62B6A4E9B50275A0EB3101 /* PBXContainerItemProxy */;
		};
		94EA71747686360EE18987F4 /* PBXTargetDependency */ = {
			isa = PBXTargetDependency;
			name = GemmaEdgeGallery_iOS;
			target = 9474122D42B4487EE60389F1 /* GemmaEdgeGallery_iOS */;
			targetProxy = EFEFA3136ECE21E053871C28 /* PBXContainerItemProxy */;
		};
		C5C2BB474E086BDEE77E24AC /* PBXTargetDependency */ = {
			isa = PBXTargetDependency;
			name = GemmaEdgeGallery_macOS;
			target = 6084F29BAE6490F4E8D99FAF /* GemmaEdgeGallery_macOS */;
			targetProxy = 6C7C39D62C255CC0D8FD9135 /* PBXContainerItemProxy */;
		};
/* End PBXTargetDependency section */

/* Begin XCBuildConfiguration section */
		011C5E13FFD6FFFB3B7DDFDC /* Release */ = {
			isa = XCBuildConfiguration;
			buildSettings = {
				BUNDLE_LOADER = "$(TEST_HOST)";
				CODE_SIGN_IDENTITY = "-";
				INFOPLIST_FILE = "Derived/InfoPlists/GemmaEdgeGallery_macOSTests-Info.plist";
				LD_RUNPATH_SEARCH_PATHS = (
					"$(inherited)",
					"@executable_path/../Frameworks",
					"@loader_path/../Frameworks",
				);
				MACOSX_DEPLOYMENT_TARGET = 26.0;
				OTHER_LDFLAGS = (
					"$(inherited)",
					"-L$(DT_TOOLCHAIN_DIR)/usr/lib/swift/$(PLATFORM_NAME)",
				);
				PRODUCT_BUNDLE_IDENTIFIER = com.andrewvoirol.GemmaEdgeGallery.mac.Tests;
				PRODUCT_NAME = GemmaEdgeGallery_macOSTests;
				SDKROOT = macosx;
				SWIFT_COMPILATION_MODE = wholemodule;
				SWIFT_OPTIMIZATION_LEVEL = "-O";
				SWIFT_VERSION = 5;
				TEST_HOST = "$(BUILT_PRODUCTS_DIR)/GemmaEdgeGallery_macOS.app/$(BUNDLE_EXECUTABLE_FOLDER_PATH)/GemmaEdgeGallery_macOS";
				TEST_TARGET_NAME = GemmaEdgeGallery_macOS;
			};
			name = Release;
		};
		117C2570C2AAD4A4ED998AC6 /* Release */ = {
			isa = XCBuildConfiguration;
			buildSettings = {
				CODE_SIGN_IDENTITY = "-";
				INFOPLIST_FILE = "Derived/InfoPlists/GemmaEdgeGallery_macOSUITests-Info.plist";
				LD_RUNPATH_SEARCH_PATHS = (
					"$(inherited)",
					"@executable_path/../Frameworks",
					"@loader_path/../Frameworks",
				);
				MACOSX_DEPLOYMENT_TARGET = 26.0;
				OTHER_LDFLAGS = (
					"$(inherited)",
					"-L$(DT_TOOLCHAIN_DIR)/usr/lib/swift/$(PLATFORM_NAME)",
				);
				PRODUCT_BUNDLE_IDENTIFIER = com.andrewvoirol.GemmaEdgeGallery.mac.UITests;
				PRODUCT_NAME = GemmaEdgeGallery_macOSUITests;
				SDKROOT = macosx;
				SWIFT_COMPILATION_MODE = wholemodule;
				SWIFT_OPTIMIZATION_LEVEL = "-O";
				SWIFT_VERSION = 5;
				TEST_TARGET_NAME = GemmaEdgeGallery_macOS;
			};
			name = Release;
		};
		4F4CBD83C7AEBC1F9D78E8C3 /* Release */ = {
			isa = XCBuildConfiguration;
			buildSettings = {
				ASSETCATALOG_COMPILER_APPICON_NAME = AppIcon;
				ASSETCATALOG_COMPILER_GLOBAL_ACCENT_COLOR_NAME = AccentColor;
				CODE_SIGN_ENTITLEMENTS = GemmaEdgeGallery_iOS.entitlements;
				CODE_SIGN_IDENTITY = "iPhone Developer";
				ENABLE_PREVIEWS = YES;
				INFOPLIST_FILE = "Derived/InfoPlists/GemmaEdgeGallery_iOS-Info.plist";
				IPHONEOS_DEPLOYMENT_TARGET = 26.5;
				LD_RUNPATH_SEARCH_PATHS = (
					"$(inherited)",
					"@executable_path/Frameworks",
				);
				OTHER_LDFLAGS = (
					"$(inherited)",
					"-L$(DT_TOOLCHAIN_DIR)/usr/lib/swift/$(PLATFORM_NAME)",
				);
				PRODUCT_BUNDLE_IDENTIFIER = com.andrewvoirol.GemmaEdgeGallery;
				PRODUCT_NAME = GemmaEdgeGallery_iOS;
				SDKROOT = iphoneos;
				SUPPORTS_MACCATALYST = NO;
				SUPPORTS_MAC_DESIGNED_FOR_IPHONE_IPAD = YES;
				SUPPORTS_XR_DESIGNED_FOR_IPHONE_IPAD = NO;
				SWIFT_COMPILATION_MODE = wholemodule;
				SWIFT_OPTIMIZATION_LEVEL = "-O";
				SWIFT_VERSION = 5;
				TARGETED_DEVICE_FAMILY = "1,2";
			};
			name = Release;
		};
		60123B045FA65331C6184E5D /* Debug */ = {
			isa = XCBuildConfiguration;
			buildSettings = {
				BUNDLE_LOADER = "$(TEST_HOST)";
				CODE_SIGN_IDENTITY = "iPhone Developer";
				INFOPLIST_FILE = "Derived/InfoPlists/GemmaEdgeGallery_iOSTests-Info.plist";
				IPHONEOS_DEPLOYMENT_TARGET = 26.5;
				LD_RUNPATH_SEARCH_PATHS = (
					"$(inherited)",
					"@executable_path/Frameworks",
					"@loader_path/Frameworks",
				);
				OTHER_LDFLAGS = (
					"$(inherited)",
					"-L$(DT_TOOLCHAIN_DIR)/usr/lib/swift/$(PLATFORM_NAME)",
				);
				PRODUCT_BUNDLE_IDENTIFIER = com.andrewvoirol.GemmaEdgeGallery.Tests;
				PRODUCT_NAME = GemmaEdgeGallery_iOSTests;
				SDKROOT = iphoneos;
				SUPPORTS_MACCATALYST = NO;
				SUPPORTS_MAC_DESIGNED_FOR_IPHONE_IPAD = YES;
				SUPPORTS_XR_DESIGNED_FOR_IPHONE_IPAD = NO;
				SWIFT_ACTIVE_COMPILATION_CONDITIONS = (
					"$(inherited)",
					DEBUG,
				);
				SWIFT_COMPILATION_MODE = singlefile;
				SWIFT_OPTIMIZATION_LEVEL = "-Onone";
				SWIFT_VERSION = 5;
				TARGETED_DEVICE_FAMILY = "1,2";
				TEST_HOST = "$(BUILT_PRODUCTS_DIR)/GemmaEdgeGallery_iOS.app/$(BUNDLE_EXECUTABLE_FOLDER_PATH)/GemmaEdgeGallery_iOS";
				TEST_TARGET_NAME = GemmaEdgeGallery_iOS;
			};
			name = Debug;
		};
		74A42AF1AC9DDECA6C62EB14 /* Debug */ = {
			isa = XCBuildConfiguration;
			buildSettings = {
				CODE_SIGN_IDENTITY = "-";
				HEADERPAD_MAX_INSTALL_NAMES = YES;
				INFOPLIST_FILE = "Derived/InfoPlists/RawBenchmark-Info.plist";
				LD_RUNPATH_SEARCH_PATHS = (
					"@executable_path",
					"@executable_path/../lib",
					"$(BUILT_PRODUCTS_DIR)",
				);
				MACOSX_DEPLOYMENT_TARGET = 26.0;
				OTHER_LDFLAGS = (
					"$(inherited)",
					"-L$(DT_TOOLCHAIN_DIR)/usr/lib/swift/$(PLATFORM_NAME)",
				);
				PRODUCT_BUNDLE_IDENTIFIER = com.andrewvoirol.GemmaEdgeGallery.RawBenchmark;
				PRODUCT_NAME = RawBenchmark;
				SDKROOT = macosx;
				SWIFT_ACTIVE_COMPILATION_CONDITIONS = (
					"$(inherited)",
					DEBUG,
				);
				SWIFT_COMPILATION_MODE = singlefile;
				SWIFT_OPTIMIZATION_LEVEL = "-Onone";
				SWIFT_VERSION = 5;
			};
			name = Debug;
		};
		797DCDE8B3C5FAF1E748B1D7 /* Debug */ = {
			isa = XCBuildConfiguration;
			buildSettings = {
				BUNDLE_LOADER = "$(TEST_HOST)";
				CODE_SIGN_IDENTITY = "-";
				INFOPLIST_FILE = "Derived/InfoPlists/GemmaEdgeGallery_macOSTests-Info.plist";
				LD_RUNPATH_SEARCH_PATHS = (
					"$(inherited)",
					"@executable_path/../Frameworks",
					"@loader_path/../Frameworks",
				);
				MACOSX_DEPLOYMENT_TARGET = 26.0;
				OTHER_LDFLAGS = (
					"$(inherited)",
					"-L$(DT_TOOLCHAIN_DIR)/usr/lib/swift/$(PLATFORM_NAME)",
				);
				PRODUCT_BUNDLE_IDENTIFIER = com.andrewvoirol.GemmaEdgeGallery.mac.Tests;
				PRODUCT_NAME = GemmaEdgeGallery_macOSTests;
				SDKROOT = macosx;
				SWIFT_ACTIVE_COMPILATION_CONDITIONS = (
					"$(inherited)",
					DEBUG,
				);
				SWIFT_COMPILATION_MODE = singlefile;
				SWIFT_OPTIMIZATION_LEVEL = "-Onone";
				SWIFT_VERSION = 5;
				TEST_HOST = "$(BUILT_PRODUCTS_DIR)/GemmaEdgeGallery_macOS.app/$(BUNDLE_EXECUTABLE_FOLDER_PATH)/GemmaEdgeGallery_macOS";
				TEST_TARGET_NAME = GemmaEdgeGallery_macOS;
			};
			name = Debug;
		};
		8625E1599616F47144C631B4 /* Debug */ = {
			isa = XCBuildConfiguration;
			buildSettings = {
				ALWAYS_SEARCH_USER_PATHS = NO;
				CLANG_ANALYZER_LOCALIZABILITY_NONLOCALIZED = YES;
				CLANG_ANALYZER_NONNULL = YES;
				CLANG_ANALYZER_NUMBER_OBJECT_CONVERSION = YES_AGGRESSIVE;
				CLANG_CXX_LANGUAGE_STANDARD = "gnu++14";
				CLANG_CXX_LIBRARY = "libc++";
				CLANG_ENABLE_MODULES = YES;
				CLANG_ENABLE_OBJC_ARC = YES;
				CLANG_ENABLE_OBJC_WEAK = YES;
				CLANG_WARN_BLOCK_CAPTURE_AUTORELEASING = YES;
				CLANG_WARN_BOOL_CONVERSION = YES;
				CLANG_WARN_COMMA = YES;
				CLANG_WARN_CONSTANT_CONVERSION = YES;
				CLANG_WARN_DEPRECATED_OBJC_IMPLEMENTATIONS = YES;
				CLANG_WARN_DIRECT_OBJC_ISA_USAGE = YES_ERROR;
				CLANG_WARN_DOCUMENTATION_COMMENTS = YES;
				CLANG_WARN_EMPTY_BODY = YES;
				CLANG_WARN_ENUM_CONVERSION = YES;
				CLANG_WARN_INFINITE_RECURSION = YES;
				CLANG_WARN_INT_CONVERSION = YES;
				CLANG_WARN_NON_LITERAL_NULL_CONVERSION = YES;
				CLANG_WARN_OBJC_IMPLICIT_RETAIN_SELF = YES;
				CLANG_WARN_OBJC_LITERAL_CONVERSION = YES;
				CLANG_WARN_OBJC_ROOT_CLASS = YES_ERROR;
				CLANG_WARN_QUOTED_INCLUDE_IN_FRAMEWORK_HEADER = YES;
				CLANG_WARN_RANGE_LOOP_ANALYSIS = YES;
				CLANG_WARN_STRICT_PROTOTYPES = YES;
				CLANG_WARN_SUSPICIOUS_MOVE = YES;
				CLANG_WARN_UNGUARDED_AVAILABILITY = YES_AGGRESSIVE;
				CLANG_WARN_UNREACHABLE_CODE = YES;
				CLANG_WARN__DUPLICATE_METHOD_MATCH = YES;
				CODE_SIGN_STYLE = Automatic;
				COPY_PHASE_STRIP = NO;
				DEAD_CODE_STRIPPING = YES;
				DEBUG_INFORMATION_FORMAT = dwarf;
				DEVELOPMENT_TEAM = Y7J7WUK693;
				ENABLE_STRICT_OBJC_MSGSEND = YES;
				ENABLE_TESTABILITY = YES;
				GCC_C_LANGUAGE_STANDARD = gnu11;
				GCC_DYNAMIC_NO_PIC = NO;
				GCC_NO_COMMON_BLOCKS = YES;
				GCC_OPTIMIZATION_LEVEL = 0;
				GCC_PREPROCESSOR_DEFINITIONS = (
					"DEBUG=1",
					"$(inherited)",
				);
				GCC_WARN_64_TO_32_BIT_CONVERSION = YES;
				GCC_WARN_ABOUT_RETURN_TYPE = YES_ERROR;
				GCC_WARN_UNDECLARED_SELECTOR = YES;
				GCC_WARN_UNINITIALIZED_AUTOS = YES_AGGRESSIVE;
				GCC_WARN_UNUSED_FUNCTION = YES;
				GCC_WARN_UNUSED_VARIABLE = YES;
				MTL_ENABLE_DEBUG_INFO = YES;
				ONLY_ACTIVE_ARCH = YES;
				PRODUCT_NAME = "$(TARGET_NAME)";
			};
			name = Debug;
		};
		A793984442B04188EAEA0508 /* Release */ = {
			isa = XCBuildConfiguration;
			buildSettings = {
				CODE_SIGN_IDENTITY = "-";
				HEADERPAD_MAX_INSTALL_NAMES = YES;
				INFOPLIST_FILE = "Derived/InfoPlists/RawBenchmark-Info.plist";
				LD_RUNPATH_SEARCH_PATHS = (
					"@executable_path",
					"@executable_path/../lib",
					"$(BUILT_PRODUCTS_DIR)",
				);
				MACOSX_DEPLOYMENT_TARGET = 26.0;
				OTHER_LDFLAGS = (
					"$(inherited)",
					"-L$(DT_TOOLCHAIN_DIR)/usr/lib/swift/$(PLATFORM_NAME)",
				);
				PRODUCT_BUNDLE_IDENTIFIER = com.andrewvoirol.GemmaEdgeGallery.RawBenchmark;
				PRODUCT_NAME = RawBenchmark;
				SDKROOT = macosx;
				SWIFT_COMPILATION_MODE = wholemodule;
				SWIFT_OPTIMIZATION_LEVEL = "-O";
				SWIFT_VERSION = 5;
			};
			name = Release;
		};
		B1616A5FB33EB8D7A05B978B /* Debug */ = {
			isa = XCBuildConfiguration;
			buildSettings = {
				ASSETCATALOG_COMPILER_APPICON_NAME = AppIcon;
				ASSETCATALOG_COMPILER_GLOBAL_ACCENT_COLOR_NAME = AccentColor;
				CODE_SIGN_ENTITLEMENTS = GemmaEdgeGallery_macOS.entitlements;
				CODE_SIGN_IDENTITY = "-";
				COMBINE_HIDPI_IMAGES = YES;
				ENABLE_PREVIEWS = YES;
				INFOPLIST_FILE = "Derived/InfoPlists/GemmaEdgeGallery_macOS-Info.plist";
				LD_RUNPATH_SEARCH_PATHS = (
					"$(inherited)",
					"@executable_path/../Frameworks",
				);
				MACOSX_DEPLOYMENT_TARGET = 26.0;
				OTHER_LDFLAGS = (
					"$(inherited)",
					"-L$(DT_TOOLCHAIN_DIR)/usr/lib/swift/$(PLATFORM_NAME)",
				);
				PRODUCT_BUNDLE_IDENTIFIER = com.andrewvoirol.GemmaEdgeGallery.mac;
				PRODUCT_NAME = GemmaEdgeGallery_macOS;
				SDKROOT = macosx;
				SWIFT_ACTIVE_COMPILATION_CONDITIONS = (
					"$(inherited)",
					DEBUG,
				);
				SWIFT_COMPILATION_MODE = singlefile;
				SWIFT_OPTIMIZATION_LEVEL = "-Onone";
				SWIFT_VERSION = 5;
			};
			name = Debug;
		};
		D2E3F0E0F9C6ADA34F3DC774 /* Release */ = {
			isa = XCBuildConfiguration;
			buildSettings = {
				ASSETCATALOG_COMPILER_APPICON_NAME = AppIcon;
				ASSETCATALOG_COMPILER_GLOBAL_ACCENT_COLOR_NAME = AccentColor;
				CODE_SIGN_ENTITLEMENTS = GemmaEdgeGallery_macOS.entitlements;
				CODE_SIGN_IDENTITY = "-";
				COMBINE_HIDPI_IMAGES = YES;
				ENABLE_PREVIEWS = YES;
				INFOPLIST_FILE = "Derived/InfoPlists/GemmaEdgeGallery_macOS-Info.plist";
				LD_RUNPATH_SEARCH_PATHS = (
					"$(inherited)",
					"@executable_path/../Frameworks",
				);
				MACOSX_DEPLOYMENT_TARGET = 26.0;
				OTHER_LDFLAGS = (
					"$(inherited)",
					"-L$(DT_TOOLCHAIN_DIR)/usr/lib/swift/$(PLATFORM_NAME)",
				);
				PRODUCT_BUNDLE_IDENTIFIER = com.andrewvoirol.GemmaEdgeGallery.mac;
				PRODUCT_NAME = GemmaEdgeGallery_macOS;
				SDKROOT = macosx;
				SWIFT_COMPILATION_MODE = wholemodule;
				SWIFT_OPTIMIZATION_LEVEL = "-O";
				SWIFT_VERSION = 5;
			};
			name = Release;
		};
		D41DF849852D3F1840CD7DCE /* Release */ = {
			isa = XCBuildConfiguration;
			buildSettings = {
				ALWAYS_SEARCH_USER_PATHS = NO;
				CLANG_ANALYZER_LOCALIZABILITY_NONLOCALIZED = YES;
				CLANG_ANALYZER_NONNULL = YES;
				CLANG_ANALYZER_NUMBER_OBJECT_CONVERSION = YES_AGGRESSIVE;
				CLANG_CXX_LANGUAGE_STANDARD = "gnu++14";
				CLANG_CXX_LIBRARY = "libc++";
				CLANG_ENABLE_MODULES = YES;
				CLANG_ENABLE_OBJC_ARC = YES;
				CLANG_ENABLE_OBJC_WEAK = YES;
				CLANG_WARN_BLOCK_CAPTURE_AUTORELEASING = YES;
				CLANG_WARN_BOOL_CONVERSION = YES;
				CLANG_WARN_COMMA = YES;
				CLANG_WARN_CONSTANT_CONVERSION = YES;
				CLANG_WARN_DEPRECATED_OBJC_IMPLEMENTATIONS = YES;
				CLANG_WARN_DIRECT_OBJC_ISA_USAGE = YES_ERROR;
				CLANG_WARN_DOCUMENTATION_COMMENTS = YES;
				CLANG_WARN_EMPTY_BODY = YES;
				CLANG_WARN_ENUM_CONVERSION = YES;
				CLANG_WARN_INFINITE_RECURSION = YES;
				CLANG_WARN_INT_CONVERSION = YES;
				CLANG_WARN_NON_LITERAL_NULL_CONVERSION = YES;
				CLANG_WARN_OBJC_IMPLICIT_RETAIN_SELF = YES;
				CLANG_WARN_OBJC_LITERAL_CONVERSION = YES;
				CLANG_WARN_OBJC_ROOT_CLASS = YES_ERROR;
				CLANG_WARN_QUOTED_INCLUDE_IN_FRAMEWORK_HEADER = YES;
				CLANG_WARN_RANGE_LOOP_ANALYSIS = YES;
				CLANG_WARN_STRICT_PROTOTYPES = YES;
				CLANG_WARN_SUSPICIOUS_MOVE = YES;
				CLANG_WARN_UNGUARDED_AVAILABILITY = YES_AGGRESSIVE;
				CLANG_WARN_UNREACHABLE_CODE = YES;
				CLANG_WARN__DUPLICATE_METHOD_MATCH = YES;
				CODE_SIGN_STYLE = Automatic;
				COPY_PHASE_STRIP = NO;
				DEAD_CODE_STRIPPING = YES;
				DEBUG_INFORMATION_FORMAT = "dwarf-with-dsym";
				DEVELOPMENT_TEAM = Y7J7WUK693;
				ENABLE_NS_ASSERTIONS = NO;
				ENABLE_STRICT_OBJC_MSGSEND = YES;
				GCC_C_LANGUAGE_STANDARD = gnu11;
				GCC_NO_COMMON_BLOCKS = YES;
				GCC_WARN_64_TO_32_BIT_CONVERSION = YES;
				GCC_WARN_ABOUT_RETURN_TYPE = YES_ERROR;
				GCC_WARN_UNDECLARED_SELECTOR = YES;
				GCC_WARN_UNINITIALIZED_AUTOS = YES_AGGRESSIVE;
				GCC_WARN_UNUSED_FUNCTION = YES;
				GCC_WARN_UNUSED_VARIABLE = YES;
				MTL_ENABLE_DEBUG_INFO = NO;
				PRODUCT_NAME = "$(TARGET_NAME)";
				VALIDATE_PRODUCT = YES;
			};
			name = Release;
		};
		D7B7374CABBE41354649651F /* Debug */ = {
			isa = XCBuildConfiguration;
			buildSettings = {
				ASSETCATALOG_COMPILER_APPICON_NAME = AppIcon;
				ASSETCATALOG_COMPILER_GLOBAL_ACCENT_COLOR_NAME = AccentColor;
				CODE_SIGN_ENTITLEMENTS = GemmaEdgeGallery_iOS.entitlements;
				CODE_SIGN_IDENTITY = "iPhone Developer";
				ENABLE_PREVIEWS = YES;
				INFOPLIST_FILE = "Derived/InfoPlists/GemmaEdgeGallery_iOS-Info.plist";
				IPHONEOS_DEPLOYMENT_TARGET = 26.5;
				LD_RUNPATH_SEARCH_PATHS = (
					"$(inherited)",
					"@executable_path/Frameworks",
				);
				OTHER_LDFLAGS = (
					"$(inherited)",
					"-L$(DT_TOOLCHAIN_DIR)/usr/lib/swift/$(PLATFORM_NAME)",
				);
				PRODUCT_BUNDLE_IDENTIFIER = com.andrewvoirol.GemmaEdgeGallery;
				PRODUCT_NAME = GemmaEdgeGallery_iOS;
				SDKROOT = iphoneos;
				SUPPORTS_MACCATALYST = NO;
				SUPPORTS_MAC_DESIGNED_FOR_IPHONE_IPAD = YES;
				SUPPORTS_XR_DESIGNED_FOR_IPHONE_IPAD = NO;
				SWIFT_ACTIVE_COMPILATION_CONDITIONS = (
					"$(inherited)",
					DEBUG,
				);
				SWIFT_COMPILATION_MODE = singlefile;
				SWIFT_OPTIMIZATION_LEVEL = "-Onone";
				SWIFT_VERSION = 5;
				TARGETED_DEVICE_FAMILY = "1,2";
			};
			name = Debug;
		};
		E53497AEBECF5B1C4543C57A /* Debug */ = {
			isa = XCBuildConfiguration;
			buildSettings = {
				CODE_SIGN_IDENTITY = "-";
				INFOPLIST_FILE = "Derived/InfoPlists/GemmaEdgeGallery_macOSUITests-Info.plist";
				LD_RUNPATH_SEARCH_PATHS = (
					"$(inherited)",
					"@executable_path/../Frameworks",
					"@loader_path/../Frameworks",
				);
				MACOSX_DEPLOYMENT_TARGET = 26.0;
				OTHER_LDFLAGS = (
					"$(inherited)",
					"-L$(DT_TOOLCHAIN_DIR)/usr/lib/swift/$(PLATFORM_NAME)",
				);
				PRODUCT_BUNDLE_IDENTIFIER = com.andrewvoirol.GemmaEdgeGallery.mac.UITests;
				PRODUCT_NAME = GemmaEdgeGallery_macOSUITests;
				SDKROOT = macosx;
				SWIFT_ACTIVE_COMPILATION_CONDITIONS = (
					"$(inherited)",
					DEBUG,
				);
				SWIFT_COMPILATION_MODE = singlefile;
				SWIFT_OPTIMIZATION_LEVEL = "-Onone";
				SWIFT_VERSION = 5;
				TEST_TARGET_NAME = GemmaEdgeGallery_macOS;
			};
			name = Debug;
		};
		ED0883329C2954BE4DAFAD2F /* Release */ = {
			isa = XCBuildConfiguration;
			buildSettings = {
				BUNDLE_LOADER = "$(TEST_HOST)";
				CODE_SIGN_IDENTITY = "iPhone Developer";
				INFOPLIST_FILE = "Derived/InfoPlists/GemmaEdgeGallery_iOSTests-Info.plist";
				IPHONEOS_DEPLOYMENT_TARGET = 26.5;
				LD_RUNPATH_SEARCH_PATHS = (
					"$(inherited)",
					"@executable_path/Frameworks",
					"@loader_path/Frameworks",
				);
				OTHER_LDFLAGS = (
					"$(inherited)",
					"-L$(DT_TOOLCHAIN_DIR)/usr/lib/swift/$(PLATFORM_NAME)",
				);
				PRODUCT_BUNDLE_IDENTIFIER = com.andrewvoirol.GemmaEdgeGallery.Tests;
				PRODUCT_NAME = GemmaEdgeGallery_iOSTests;
				SDKROOT = iphoneos;
				SUPPORTS_MACCATALYST = NO;
				SUPPORTS_MAC_DESIGNED_FOR_IPHONE_IPAD = YES;
				SUPPORTS_XR_DESIGNED_FOR_IPHONE_IPAD = NO;
				SWIFT_COMPILATION_MODE = wholemodule;
				SWIFT_OPTIMIZATION_LEVEL = "-O";
				SWIFT_VERSION = 5;
				TARGETED_DEVICE_FAMILY = "1,2";
				TEST_HOST = "$(BUILT_PRODUCTS_DIR)/GemmaEdgeGallery_iOS.app/$(BUNDLE_EXECUTABLE_FOLDER_PATH)/GemmaEdgeGallery_iOS";
				TEST_TARGET_NAME = GemmaEdgeGallery_iOS;
			};
			name = Release;
		};
/* End XCBuildConfiguration section */

/* Begin XCConfigurationList section */
		3238766ED56F0A87A2C6DCD6 /* Build configuration list for PBXNativeTarget "GemmaEdgeGallery_macOSTests" */ = {
			isa = XCConfigurationList;
			buildConfigurations = (
				797DCDE8B3C5FAF1E748B1D7 /* Debug */,
				011C5E13FFD6FFFB3B7DDFDC /* Release */,
			);
			defaultConfigurationIsVisible = 0;
			defaultConfigurationName = Release;
		};
		8FC26433C58A0DEBADD21FB5 /* Build configuration list for PBXProject "GemmaEdgeGallery" */ = {
			isa = XCConfigurationList;
			buildConfigurations = (
				8625E1599616F47144C631B4 /* Debug */,
				D41DF849852D3F1840CD7DCE /* Release */,
			);
			defaultConfigurationIsVisible = 0;
			defaultConfigurationName = Release;
		};
		8FC5CF2E4CD482C38CE21F59 /* Build configuration list for PBXNativeTarget "GemmaEdgeGallery_iOSTests" */ = {
			isa = XCConfigurationList;
			buildConfigurations = (
				60123B045FA65331C6184E5D /* Debug */,
				ED0883329C2954BE4DAFAD2F /* Release */,
			);
			defaultConfigurationIsVisible = 0;
			defaultConfigurationName = Release;
		};
		971796D9100DFAEB84653889 /* Build configuration list for PBXNativeTarget "GemmaEdgeGallery_macOSUITests" */ = {
			isa = XCConfigurationList;
			buildConfigurations = (
				E53497AEBECF5B1C4543C57A /* Debug */,
				117C2570C2AAD4A4ED998AC6 /* Release */,
			);
			defaultConfigurationIsVisible = 0;
			defaultConfigurationName = Release;
		};
		A3C869B93CEF1A79999975DD /* Build configuration list for PBXNativeTarget "GemmaEdgeGallery_macOS" */ = {
			isa = XCConfigurationList;
			buildConfigurations = (
				B1616A5FB33EB8D7A05B978B /* Debug */,
				D2E3F0E0F9C6ADA34F3DC774 /* Release */,
			);
			defaultConfigurationIsVisible = 0;
			defaultConfigurationName = Release;
		};
		BB7E48035D25D452F33432C5 /* Build configuration list for PBXNativeTarget "RawBenchmark" */ = {
			isa = XCConfigurationList;
			buildConfigurations = (
				74A42AF1AC9DDECA6C62EB14 /* Debug */,
				A793984442B04188EAEA0508 /* Release */,
			);
			defaultConfigurationIsVisible = 0;
			defaultConfigurationName = Release;
		};
		CDF71A4F5F5EFC5A510BE25B /* Build configuration list for PBXNativeTarget "GemmaEdgeGallery_iOS" */ = {
			isa = XCConfigurationList;
			buildConfigurations = (
				D7B7374CABBE41354649651F /* Debug */,
				4F4CBD83C7AEBC1F9D78E8C3 /* Release */,
			);
			defaultConfigurationIsVisible = 0;
			defaultConfigurationName = Release;
		};
/* End XCConfigurationList section */

/* Begin XCRemoteSwiftPackageReference section */
		7977F1437507DE91A659C182 /* XCRemoteSwiftPackageReference "LiteRT-LM" */ = {
			isa = XCRemoteSwiftPackageReference;
			repositoryURL = "https://github.com/google-ai-edge/LiteRT-LM.git";
			requirement = {
				branch = main;
				kind = branch;
			};
		};
		CB9C37331D48A49CDD867DD3 /* XCRemoteSwiftPackageReference "swift-markdown-ui" */ = {
			isa = XCRemoteSwiftPackageReference;
			repositoryURL = "https://github.com/gonzalezreal/swift-markdown-ui.git";
			requirement = {
				kind = upToNextMajorVersion;
				minimumVersion = 2.0.0;
			};
		};
/* End XCRemoteSwiftPackageReference section */

/* Begin XCSwiftPackageProductDependency section */
		0D09CE265F87B6783759F567 /* LiteRTLM */ = {
			isa = XCSwiftPackageProductDependency;
			productName = LiteRTLM;
		};
		20E48B42733B333D68FCB090 /* MarkdownUI */ = {
			isa = XCSwiftPackageProductDependency;
			productName = MarkdownUI;
		};
		64576C59D7EDF478ADD83AA4 /* MarkdownUI */ = {
			isa = XCSwiftPackageProductDependency;
			productName = MarkdownUI;
		};
		D332ED50D341ACB4502D2B34 /* LiteRTLM */ = {
			isa = XCSwiftPackageProductDependency;
			productName = LiteRTLM;
		};
		F4C1BC3201B81CC807150405 /* LiteRTLM */ = {
			isa = XCSwiftPackageProductDependency;
			productName = LiteRTLM;
		};
/* End XCSwiftPackageProductDependency section */
	};
	rootObject = 80318254F598D4CE6C7F92A2 /* Project object */;
}
